
Microsoft Visual Studio Solution File, Format Version 11.00
# Visual Studio 2010
Project("{2150E333-8FDC-42A3-9474-1A3956D46DE8}") = "iterators", "iterators", "{539BDA5A-E0CE-4851-8A50-192918B6912F}"
EndProject
Project("{8BC9CEB8-8B4A-11D0-8D11-00A0C91BC942}") = "stream_iterators", "iterators\stream_iterators\stream_iterators.vcxproj", "{165CC408-EBCA-4507-BDDA-05199FCB9F82}"
EndProject
Project("{2150E333-8FDC-42A3-9474-1A3956D46DE8}") = "containers", "containers", "{AA1CF354-B405-4B3A-BC43-F83B67EB9C92}"
EndProject
Project("{8BC9CEB8-8B4A-11D0-8D11-00A0C91BC942}") = "vector", "containers\vector\vector.vcxproj", "{86E4767A-167B-4F93-8A8A-FEE36B086075}"
EndProject
Project("{8BC9CEB8-8B4A-11D0-8D11-00A0C91BC942}") = "list", "containers\list\list\list.vcxproj", "{69C4CDE2-4ED8-4789-971C-108AA5895F8E}"
EndProject
Project("{2150E333-8FDC-42A3-9474-1A3956D46DE8}") = "applications", "applications", "{229DD89B-B37F-4B1D-87C1-9C88649150F8}"
EndProject
Project("{8BC9CEB8-8B4A-11D0-8D11-00A0C91BC942}") = "hmap", "applications\hmap\hmap.vcxproj", "{0F1F0DFF-105A-436B-A85A-3C195CFD91AB}"
EndProject
Project("{8BC9CEB8-8B4A-11D0-8D11-00A0C91BC942}") = "set", "containers\set\set.vcxproj", "{CC6D8383-64CF-4C6E-A67B-18336107501C}"
EndProject
Project("{2150E333-8FDC-42A3-9474-1A3956D46DE8}") = "algorithms", "algorithms", "{3C4FCE92-1CFC-4D2D-B404-F21DF86C28E4}"
EndProject
Project("{8BC9CEB8-8B4A-11D0-8D11-00A0C91BC942}") = "generate", "algorithms\generate\generate.vcxproj", "{B362DF83-8A6A-42F7-B648-8DA718909AAB}"
EndProject
Project("{8BC9CEB8-8B4A-11D0-8D11-00A0C91BC942}") = "remove", "algorithms\remove\remove.vcxproj", "{C5797953-F014-498F-ADDB-43646C2D258E}"
EndProject
Project("{8BC9CEB8-8B4A-11D0-8D11-00A0C91BC942}") = "graph", "applications\graph\graph.vcxproj", "{7EC9807A-3B8E-4B16-B3E6-528106CEB177}"
EndProject
Global
	GlobalSection(SolutionConfigurationPlatforms) = preSolution
		Debug|Win32 = Debug|Win32
		Debug|x64 = Debug|x64
		Release|Win32 = Release|Win32
		Release|x64 = Release|x64
	EndGlobalSection
	GlobalSection(ProjectConfigurationPlatforms) = postSolution
		{165CC408-EBCA-4507-BDDA-05199FCB9F82}.Debug|Win32.ActiveCfg = Debug|Win32
		{165CC408-EBCA-4507-BDDA-05199FCB9F82}.Debug|Win32.Build.0 = Debug|Win32
		{165CC408-EBCA-4507-BDDA-05199FCB9F82}.Debug|x64.ActiveCfg = Debug|x64
		{165CC408-EBCA-4507-BDDA-05199FCB9F82}.Debug|x64.Build.0 = Debug|x64
		{165CC408-EBCA-4507-BDDA-05199FCB9F82}.Release|Win32.ActiveCfg = Release|Win32
		{165CC408-EBCA-4507-BDDA-05199FCB9F82}.Release|Win32.Build.0 = Release|Win32
		{165CC408-EBCA-4507-BDDA-05199FCB9F82}.Release|x64.ActiveCfg = Release|x64
		{165CC408-EBCA-4507-BDDA-05199FCB9F82}.Release|x64.Build.0 = Release|x64
		{86E4767A-167B-4F93-8A8A-FEE36B086075}.Debug|Win32.ActiveCfg = Debug|Win32
		{86E4767A-167B-4F93-8A8A-FEE36B086075}.Debug|Win32.Build.0 = Debug|Win32
		{86E4767A-167B-4F93-8A8A-FEE36B086075}.Debug|x64.ActiveCfg = Debug|x64
		{86E4767A-167B-4F93-8A8A-FEE36B086075}.Debug|x64.Build.0 = Debug|x64
		{86E4767A-167B-4F93-8A8A-FEE36B086075}.Release|Win32.ActiveCfg = Release|Win32
		{86E4767A-167B-4F93-8A8A-FEE36B086075}.Release|Win32.Build.0 = Release|Win32
		{86E4767A-167B-4F93-8A8A-FEE36B086075}.Release|x64.ActiveCfg = Release|x64
		{86E4767A-167B-4F93-8A8A-FEE36B086075}.Release|x64.Build.0 = Release|x64
		{69C4CDE2-4ED8-4789-971C-108AA5895F8E}.Debug|Win32.ActiveCfg = Debug|Win32
		{69C4CDE2-4ED8-4789-971C-108AA5895F8E}.Debug|Win32.Build.0 = Debug|Win32
		{69C4CDE2-4ED8-4789-971C-108AA5895F8E}.Debug|x64.ActiveCfg = Debug|x64
		{69C4CDE2-4ED8-4789-971C-108AA5895F8E}.Debug|x64.Build.0 = Debug|x64
		{69C4CDE2-4ED8-4789-971C-108AA5895F8E}.Release|Win32.ActiveCfg = Release|Win32
		{69C4CDE2-4ED8-4789-971C-108AA5895F8E}.Release|Win32.Build.0 = Release|Win32
		{69C4CDE2-4ED8-4789-971C-108AA5895F8E}.Release|x64.ActiveCfg = Release|x64
		{69C4CDE2-4ED8-4789-971C-108AA5895F8E}.Release|x64.Build.0 = Release|x64
		{0F1F0DFF-105A-436B-A85A-3C195CFD91AB}.Debug|Win32.ActiveCfg = Debug|Win32
		{0F1F0DFF-105A-436B-A85A-3C195CFD91AB}.Debug|Win32.Build.0 = Debug|Win32
		{0F1F0DFF-105A-436B-A85A-3C195CFD91AB}.Debug|x64.ActiveCfg = Debug|x64
		{0F1F0DFF-105A-436B-A85A-3C195CFD91AB}.Debug|x64.Build.0 = Debug|x64
		{0F1F0DFF-105A-436B-A85A-3C195CFD91AB}.Release|Win32.ActiveCfg = Release|Win32
		{0F1F0DFF-105A-436B-A85A-3C195CFD91AB}.Release|Win32.Build.0 = Release|Win32
		{0F1F0DFF-105A-436B-A85A-3C195CFD91AB}.Release|x64.ActiveCfg = Release|x64
		{0F1F0DFF-105A-436B-A85A-3C195CFD91AB}.Release|x64.Build.0 = Release|x64
		{CC6D8383-64CF-4C6E-A67B-18336107501C}.Debug|Win32.ActiveCfg = Debug|Win32
		{CC6D8383-64CF-4C6E-A67B-18336107501C}.Debug|Win32.Build.0 = Debug|Win32
		{CC6D8383-64CF-4C6E-A67B-18336107501C}.Debug|x64.ActiveCfg = Debug|x64
		{CC6D8383-64CF-4C6E-A67B-18336107501C}.Debug|x64.Build.0 = Debug|x64
		{CC6D8383-64CF-4C6E-A67B-18336107501C}.Release|Win32.ActiveCfg = Release|Win32
		{CC6D8383-64CF-4C6E-A67B-18336107501C}.Release|Win32.Build.0 = Release|Win32
		{CC6D8383-64CF-4C6E-A67B-18336107501C}.Release|x64.ActiveCfg = Release|x64
		{CC6D8383-64CF-4C6E-A67B-18336107501C}.Release|x64.Build.0 = Release|x64
		{B362DF83-8A6A-42F7-B648-8DA718909AAB}.Debug|Win32.ActiveCfg = Debug|Win32
		{B362DF83-8A6A-42F7-B648-8DA718909AAB}.Debug|Win32.Build.0 = Debug|Win32
		{B362DF83-8A6A-42F7-B648-8DA718909AAB}.Debug|x64.ActiveCfg = Debug|Win32
		{B362DF83-8A6A-42F7-B648-8DA718909AAB}.Release|Win32.ActiveCfg = Release|Win32
		{B362DF83-8A6A-42F7-B648-8DA718909AAB}.Release|Win32.Build.0 = Release|Win32
		{B362DF83-8A6A-42F7-B648-8DA718909AAB}.Release|x64.ActiveCfg = Release|Win32
		{C5797953-F014-498F-ADDB-43646C2D258E}.Debug|Win32.ActiveCfg = Debug|Win32
		{C5797953-F014-498F-ADDB-43646C2D258E}.Debug|Win32.Build.0 = Debug|Win32
		{C5797953-F014-498F-ADDB-43646C2D258E}.Debug|x64.ActiveCfg = Debug|Win32
		{C5797953-F014-498F-ADDB-43646C2D258E}.Release|Win32.ActiveCfg = Release|Win32
		{C5797953-F014-498F-ADDB-43646C2D258E}.Release|Win32.Build.0 = Release|Win32
		{C5797953-F014-498F-ADDB-43646C2D258E}.Release|x64.ActiveCfg = Release|Win32
		{7EC9807A-3B8E-4B16-B3E6-528106CEB177}.Debug|Win32.ActiveCfg = Debug|Win32
		{7EC9807A-3B8E-4B16-B3E6-528106CEB177}.Debug|Win32.Build.0 = Debug|Win32
		{7EC9807A-3B8E-4B16-B3E6-528106CEB177}.Debug|x64.ActiveCfg = Debug|Win32
		{7EC9807A-3B8E-4B16-B3E6-528106CEB177}.Release|Win32.ActiveCfg = Release|Win32
		{7EC9807A-3B8E-4B16-B3E6-528106CEB177}.Release|Win32.Build.0 = Release|Win32
		{7EC9807A-3B8E-4B16-B3E6-528106CEB177}.Release|x64.ActiveCfg = Release|Win32
	EndGlobalSection
	GlobalSection(SolutionProperties) = preSolution
		HideSolutionNode = FALSE
	EndGlobalSection
	GlobalSection(NestedProjects) = preSolution
		{165CC408-EBCA-4507-BDDA-05199FCB9F82} = {539BDA5A-E0CE-4851-8A50-192918B6912F}
		{86E4767A-167B-4F93-8A8A-FEE36B086075} = {AA1CF354-B405-4B3A-BC43-F83B67EB9C92}
		{69C4CDE2-4ED8-4789-971C-108AA5895F8E} = {AA1CF354-B405-4B3A-BC43-F83B67EB9C92}
		{CC6D8383-64CF-4C6E-A67B-18336107501C} = {AA1CF354-B405-4B3A-BC43-F83B67EB9C92}
		{0F1F0DFF-105A-436B-A85A-3C195CFD91AB} = {229DD89B-B37F-4B1D-87C1-9C88649150F8}
		{7EC9807A-3B8E-4B16-B3E6-528106CEB177} = {229DD89B-B37F-4B1D-87C1-9C88649150F8}
		{B362DF83-8A6A-42F7-B648-8DA718909AAB} = {3C4FCE92-1CFC-4D2D-B404-F21DF86C28E4}
		{C5797953-F014-498F-ADDB-43646C2D258E} = {3C4FCE92-1CFC-4D2D-B404-F21DF86C28E4}
	EndGlobalSection
EndGlobal
