
Microsoft Visual Studio Solution File, Format Version 11.00
# Visual Studio 2010
Project("{8BC9CEB8-8B4A-11D0-8D11-00A0C91BC942}") = "item_1", "item_1\item_1.vcxproj", "{DFBDEBB3-02A4-4B87-9AF1-70CEE93FB4A6}"
EndProject
Project("{8BC9CEB8-8B4A-11D0-8D11-00A0C91BC942}") = "item_7", "item_7\item_7.vcxproj", "{FF701C8A-AE9B-430D-B0D5-40EDB755F857}"
EndProject
Project("{8BC9CEB8-8B4A-11D0-8D11-00A0C91BC942}") = "item_13", "item_13\item_13.vcxproj", "{C1F15611-7891-45F2-80A0-FDD4D2C08A4E}"
EndProject
Project("{8BC9CEB8-8B4A-11D0-8D11-00A0C91BC942}") = "item_12", "item_12\item_12.vcxproj", "{868737D8-9903-4A3D-904B-2FCF0CD49877}"
EndProject
Project("{8BC9CEB8-8B4A-11D0-8D11-00A0C91BC942}") = "Stack", "Stack\Stack.vcxproj", "{7082E14D-B0CD-4B3B-ADE3-92AB095F8299}"
EndProject
Project("{8BC9CEB8-8B4A-11D0-8D11-00A0C91BC942}") = "item_14", "item_14\item_14.vcxproj", "{1BD863C1-CD74-41E0-A467-B496D3A85D9B}"
EndProject
Project("{8BC9CEB8-8B4A-11D0-8D11-00A0C91BC942}") = "item_15", "item_15\item_15.vcxproj", "{5899A8A9-B9C9-43D2-99F7-992DA9B240BF}"
EndProject
Project("{8BC9CEB8-8B4A-11D0-8D11-00A0C91BC942}") = "item_18", "item_18\item_18.vcxproj", "{E3557FE1-AF7B-4746-9D31-4B16C9AF5D3C}"
EndProject
Project("{8BC9CEB8-8B4A-11D0-8D11-00A0C91BC942}") = "item_19", "item_19\item_19.vcxproj", "{E85B4FE3-094E-4408-9986-963A17FC2B48}"
EndProject
Project("{8BC9CEB8-8B4A-11D0-8D11-00A0C91BC942}") = "item_21", "item_21\item_21.vcxproj", "{1D480AAD-C362-4694-B630-9082B9DE42A9}"
EndProject
Project("{8BC9CEB8-8B4A-11D0-8D11-00A0C91BC942}") = "item_22", "item_22\item_22.vcxproj", "{8CA76F39-EE0A-4706-86F8-31F11B1C624B}"
EndProject
Project("{8BC9CEB8-8B4A-11D0-8D11-00A0C91BC942}") = "item_26", "item_26\item_26.vcxproj", "{1EAC1022-F377-442F-9DD8-8EDCD21190EB}"
EndProject
Project("{8BC9CEB8-8B4A-11D0-8D11-00A0C91BC942}") = "item_45", "item_45\item_45.vcxproj", "{8E4B892C-9145-4CE4-81DF-541A1EBD0BE4}"
EndProject
Project("{8BC9CEB8-8B4A-11D0-8D11-00A0C91BC942}") = "item_28", "item_28\item_28.vcxproj", "{F8249C79-7C6E-4B0C-868B-85F325690421}"
EndProject
Project("{8BC9CEB8-8B4A-11D0-8D11-00A0C91BC942}") = "item_34", "item_34\item_34.vcxproj", "{86A08F47-23CF-4652-9FFE-33CC2D5C6C9D}"
EndProject
Project("{8BC9CEB8-8B4A-11D0-8D11-00A0C91BC942}") = "item_36", "item_36\item_36.vcxproj", "{58D12053-6ABE-4847-A85E-7C889B8434FA}"
EndProject
Project("{8BC9CEB8-8B4A-11D0-8D11-00A0C91BC942}") = "item_37", "item_37\item_37.vcxproj", "{DA0DA623-0997-4BC2-AC28-63C0052ED3B9}"
EndProject
Project("{8BC9CEB8-8B4A-11D0-8D11-00A0C91BC942}") = "item_38", "item_38\item_38.vcxproj", "{F6C3169D-B785-41F0-AA3F-39E7DE0CF9B6}"
EndProject
Project("{8BC9CEB8-8B4A-11D0-8D11-00A0C91BC942}") = "item_39", "item_39\item_39.vcxproj", "{915A6BC4-791D-4932-85E9-9BDA87DDA705}"
EndProject
Project("{8BC9CEB8-8B4A-11D0-8D11-00A0C91BC942}") = "item_42", "item_42\item_42.vcxproj", "{6E24830E-C4DA-456A-817F-8B7BB3051928}"
EndProject
Project("{8BC9CEB8-8B4A-11D0-8D11-00A0C91BC942}") = "item_47", "item_47\item_47.vcxproj", "{FA5995BC-DC02-473E-B243-F8F0D319FD6E}"
EndProject
Project("{8BC9CEB8-8B4A-11D0-8D11-00A0C91BC942}") = "Array", "Array\Array.vcxproj", "{A1C2B92F-0F2F-48A0-BEF5-BEABAD4A678B}"
EndProject
Project("{8BC9CEB8-8B4A-11D0-8D11-00A0C91BC942}") = "item_6", "item_6\item_6.vcxproj", "{D7218A9E-1A88-4E8A-8C63-F459F5226AEC}"
EndProject
Global
	GlobalSection(SolutionConfigurationPlatforms) = preSolution
		Debug|Win32 = Debug|Win32
		Release|Win32 = Release|Win32
	EndGlobalSection
	GlobalSection(ProjectConfigurationPlatforms) = postSolution
		{DFBDEBB3-02A4-4B87-9AF1-70CEE93FB4A6}.Debug|Win32.ActiveCfg = Debug|Win32
		{DFBDEBB3-02A4-4B87-9AF1-70CEE93FB4A6}.Debug|Win32.Build.0 = Debug|Win32
		{DFBDEBB3-02A4-4B87-9AF1-70CEE93FB4A6}.Release|Win32.ActiveCfg = Release|Win32
		{DFBDEBB3-02A4-4B87-9AF1-70CEE93FB4A6}.Release|Win32.Build.0 = Release|Win32
		{FF701C8A-AE9B-430D-B0D5-40EDB755F857}.Debug|Win32.ActiveCfg = Debug|Win32
		{FF701C8A-AE9B-430D-B0D5-40EDB755F857}.Debug|Win32.Build.0 = Debug|Win32
		{FF701C8A-AE9B-430D-B0D5-40EDB755F857}.Release|Win32.ActiveCfg = Release|Win32
		{FF701C8A-AE9B-430D-B0D5-40EDB755F857}.Release|Win32.Build.0 = Release|Win32
		{C1F15611-7891-45F2-80A0-FDD4D2C08A4E}.Debug|Win32.ActiveCfg = Debug|Win32
		{C1F15611-7891-45F2-80A0-FDD4D2C08A4E}.Debug|Win32.Build.0 = Debug|Win32
		{C1F15611-7891-45F2-80A0-FDD4D2C08A4E}.Release|Win32.ActiveCfg = Release|Win32
		{C1F15611-7891-45F2-80A0-FDD4D2C08A4E}.Release|Win32.Build.0 = Release|Win32
		{868737D8-9903-4A3D-904B-2FCF0CD49877}.Debug|Win32.ActiveCfg = Debug|Win32
		{868737D8-9903-4A3D-904B-2FCF0CD49877}.Debug|Win32.Build.0 = Debug|Win32
		{868737D8-9903-4A3D-904B-2FCF0CD49877}.Release|Win32.ActiveCfg = Release|Win32
		{868737D8-9903-4A3D-904B-2FCF0CD49877}.Release|Win32.Build.0 = Release|Win32
		{7082E14D-B0CD-4B3B-ADE3-92AB095F8299}.Debug|Win32.ActiveCfg = Debug|Win32
		{7082E14D-B0CD-4B3B-ADE3-92AB095F8299}.Debug|Win32.Build.0 = Debug|Win32
		{7082E14D-B0CD-4B3B-ADE3-92AB095F8299}.Release|Win32.ActiveCfg = Release|Win32
		{7082E14D-B0CD-4B3B-ADE3-92AB095F8299}.Release|Win32.Build.0 = Release|Win32
		{1BD863C1-CD74-41E0-A467-B496D3A85D9B}.Debug|Win32.ActiveCfg = Debug|Win32
		{1BD863C1-CD74-41E0-A467-B496D3A85D9B}.Debug|Win32.Build.0 = Debug|Win32
		{1BD863C1-CD74-41E0-A467-B496D3A85D9B}.Release|Win32.ActiveCfg = Release|Win32
		{1BD863C1-CD74-41E0-A467-B496D3A85D9B}.Release|Win32.Build.0 = Release|Win32
		{5899A8A9-B9C9-43D2-99F7-992DA9B240BF}.Debug|Win32.ActiveCfg = Debug|Win32
		{5899A8A9-B9C9-43D2-99F7-992DA9B240BF}.Debug|Win32.Build.0 = Debug|Win32
		{5899A8A9-B9C9-43D2-99F7-992DA9B240BF}.Release|Win32.ActiveCfg = Release|Win32
		{5899A8A9-B9C9-43D2-99F7-992DA9B240BF}.Release|Win32.Build.0 = Release|Win32
		{E3557FE1-AF7B-4746-9D31-4B16C9AF5D3C}.Debug|Win32.ActiveCfg = Debug|Win32
		{E3557FE1-AF7B-4746-9D31-4B16C9AF5D3C}.Debug|Win32.Build.0 = Debug|Win32
		{E3557FE1-AF7B-4746-9D31-4B16C9AF5D3C}.Release|Win32.ActiveCfg = Release|Win32
		{E3557FE1-AF7B-4746-9D31-4B16C9AF5D3C}.Release|Win32.Build.0 = Release|Win32
		{E85B4FE3-094E-4408-9986-963A17FC2B48}.Debug|Win32.ActiveCfg = Debug|Win32
		{E85B4FE3-094E-4408-9986-963A17FC2B48}.Debug|Win32.Build.0 = Debug|Win32
		{E85B4FE3-094E-4408-9986-963A17FC2B48}.Release|Win32.ActiveCfg = Release|Win32
		{E85B4FE3-094E-4408-9986-963A17FC2B48}.Release|Win32.Build.0 = Release|Win32
		{1D480AAD-C362-4694-B630-9082B9DE42A9}.Debug|Win32.ActiveCfg = Debug|Win32
		{1D480AAD-C362-4694-B630-9082B9DE42A9}.Debug|Win32.Build.0 = Debug|Win32
		{1D480AAD-C362-4694-B630-9082B9DE42A9}.Release|Win32.ActiveCfg = Release|Win32
		{1D480AAD-C362-4694-B630-9082B9DE42A9}.Release|Win32.Build.0 = Release|Win32
		{8CA76F39-EE0A-4706-86F8-31F11B1C624B}.Debug|Win32.ActiveCfg = Debug|Win32
		{8CA76F39-EE0A-4706-86F8-31F11B1C624B}.Debug|Win32.Build.0 = Debug|Win32
		{8CA76F39-EE0A-4706-86F8-31F11B1C624B}.Release|Win32.ActiveCfg = Release|Win32
		{8CA76F39-EE0A-4706-86F8-31F11B1C624B}.Release|Win32.Build.0 = Release|Win32
		{1EAC1022-F377-442F-9DD8-8EDCD21190EB}.Debug|Win32.ActiveCfg = Debug|Win32
		{1EAC1022-F377-442F-9DD8-8EDCD21190EB}.Debug|Win32.Build.0 = Debug|Win32
		{1EAC1022-F377-442F-9DD8-8EDCD21190EB}.Release|Win32.ActiveCfg = Release|Win32
		{1EAC1022-F377-442F-9DD8-8EDCD21190EB}.Release|Win32.Build.0 = Release|Win32
		{8E4B892C-9145-4CE4-81DF-541A1EBD0BE4}.Debug|Win32.ActiveCfg = Debug|Win32
		{8E4B892C-9145-4CE4-81DF-541A1EBD0BE4}.Debug|Win32.Build.0 = Debug|Win32
		{8E4B892C-9145-4CE4-81DF-541A1EBD0BE4}.Release|Win32.ActiveCfg = Release|Win32
		{8E4B892C-9145-4CE4-81DF-541A1EBD0BE4}.Release|Win32.Build.0 = Release|Win32
		{F8249C79-7C6E-4B0C-868B-85F325690421}.Debug|Win32.ActiveCfg = Debug|Win32
		{F8249C79-7C6E-4B0C-868B-85F325690421}.Debug|Win32.Build.0 = Debug|Win32
		{F8249C79-7C6E-4B0C-868B-85F325690421}.Release|Win32.ActiveCfg = Release|Win32
		{F8249C79-7C6E-4B0C-868B-85F325690421}.Release|Win32.Build.0 = Release|Win32
		{86A08F47-23CF-4652-9FFE-33CC2D5C6C9D}.Debug|Win32.ActiveCfg = Debug|Win32
		{86A08F47-23CF-4652-9FFE-33CC2D5C6C9D}.Debug|Win32.Build.0 = Debug|Win32
		{86A08F47-23CF-4652-9FFE-33CC2D5C6C9D}.Release|Win32.ActiveCfg = Release|Win32
		{86A08F47-23CF-4652-9FFE-33CC2D5C6C9D}.Release|Win32.Build.0 = Release|Win32
		{58D12053-6ABE-4847-A85E-7C889B8434FA}.Debug|Win32.ActiveCfg = Debug|Win32
		{58D12053-6ABE-4847-A85E-7C889B8434FA}.Debug|Win32.Build.0 = Debug|Win32
		{58D12053-6ABE-4847-A85E-7C889B8434FA}.Release|Win32.ActiveCfg = Release|Win32
		{58D12053-6ABE-4847-A85E-7C889B8434FA}.Release|Win32.Build.0 = Release|Win32
		{DA0DA623-0997-4BC2-AC28-63C0052ED3B9}.Debug|Win32.ActiveCfg = Debug|Win32
		{DA0DA623-0997-4BC2-AC28-63C0052ED3B9}.Debug|Win32.Build.0 = Debug|Win32
		{DA0DA623-0997-4BC2-AC28-63C0052ED3B9}.Release|Win32.ActiveCfg = Release|Win32
		{DA0DA623-0997-4BC2-AC28-63C0052ED3B9}.Release|Win32.Build.0 = Release|Win32
		{F6C3169D-B785-41F0-AA3F-39E7DE0CF9B6}.Debug|Win32.ActiveCfg = Debug|Win32
		{F6C3169D-B785-41F0-AA3F-39E7DE0CF9B6}.Debug|Win32.Build.0 = Debug|Win32
		{F6C3169D-B785-41F0-AA3F-39E7DE0CF9B6}.Release|Win32.ActiveCfg = Release|Win32
		{F6C3169D-B785-41F0-AA3F-39E7DE0CF9B6}.Release|Win32.Build.0 = Release|Win32
		{915A6BC4-791D-4932-85E9-9BDA87DDA705}.Debug|Win32.ActiveCfg = Debug|Win32
		{915A6BC4-791D-4932-85E9-9BDA87DDA705}.Debug|Win32.Build.0 = Debug|Win32
		{915A6BC4-791D-4932-85E9-9BDA87DDA705}.Release|Win32.ActiveCfg = Release|Win32
		{915A6BC4-791D-4932-85E9-9BDA87DDA705}.Release|Win32.Build.0 = Release|Win32
		{6E24830E-C4DA-456A-817F-8B7BB3051928}.Debug|Win32.ActiveCfg = Debug|Win32
		{6E24830E-C4DA-456A-817F-8B7BB3051928}.Debug|Win32.Build.0 = Debug|Win32
		{6E24830E-C4DA-456A-817F-8B7BB3051928}.Release|Win32.ActiveCfg = Release|Win32
		{6E24830E-C4DA-456A-817F-8B7BB3051928}.Release|Win32.Build.0 = Release|Win32
		{FA5995BC-DC02-473E-B243-F8F0D319FD6E}.Debug|Win32.ActiveCfg = Debug|Win32
		{FA5995BC-DC02-473E-B243-F8F0D319FD6E}.Debug|Win32.Build.0 = Debug|Win32
		{FA5995BC-DC02-473E-B243-F8F0D319FD6E}.Release|Win32.ActiveCfg = Release|Win32
		{FA5995BC-DC02-473E-B243-F8F0D319FD6E}.Release|Win32.Build.0 = Release|Win32
		{A1C2B92F-0F2F-48A0-BEF5-BEABAD4A678B}.Debug|Win32.ActiveCfg = Debug|Win32
		{A1C2B92F-0F2F-48A0-BEF5-BEABAD4A678B}.Debug|Win32.Build.0 = Debug|Win32
		{A1C2B92F-0F2F-48A0-BEF5-BEABAD4A678B}.Release|Win32.ActiveCfg = Release|Win32
		{A1C2B92F-0F2F-48A0-BEF5-BEABAD4A678B}.Release|Win32.Build.0 = Release|Win32
		{D7218A9E-1A88-4E8A-8C63-F459F5226AEC}.Debug|Win32.ActiveCfg = Debug|Win32
		{D7218A9E-1A88-4E8A-8C63-F459F5226AEC}.Debug|Win32.Build.0 = Debug|Win32
		{D7218A9E-1A88-4E8A-8C63-F459F5226AEC}.Release|Win32.ActiveCfg = Release|Win32
		{D7218A9E-1A88-4E8A-8C63-F459F5226AEC}.Release|Win32.Build.0 = Release|Win32
	EndGlobalSection
	GlobalSection(SolutionProperties) = preSolution
		HideSolutionNode = FALSE
	EndGlobalSection
EndGlobal
