
Microsoft Visual Studio Solution File, Format Version 11.00
# Visual Studio 2010
Project("{2150E333-8FDC-42A3-9474-1A3956D46DE8}") = "extension", "extension", "{5BFE8C83-1BDF-4264-83D1-E331297419D5}"
	ProjectSection(SolutionItems) = preProject
		_README.txt = _README.txt
	EndProjectSection
EndProject
Project("{8BC9CEB8-8B4A-11D0-8D11-00A0C91BC942}") = "scoped_ptr_1", "scoped_ptr_1\scoped_ptr_1.vcxproj", "{F606D09B-71EB-497B-B1CB-F0FDF830B359}"
EndProject
Project("{8BC9CEB8-8B4A-11D0-8D11-00A0C91BC942}") = "scoped_ptr_pimpl", "scoped_ptr_pimpl\scoped_ptr_pimpl.vcxproj", "{9609887E-D672-4EAD-B8BF-31161C9183D9}"
EndProject
Project("{8BC9CEB8-8B4A-11D0-8D11-00A0C91BC942}") = "shared_ptr_1", "shared_ptr_1\shared_ptr_1.vcxproj", "{AB2B9404-77B8-423B-8AAF-7B0D909FD340}"
EndProject
Project("{8BC9CEB8-8B4A-11D0-8D11-00A0C91BC942}") = "shared_ptr_pimpl", "shared_ptr_pimpl\shared_ptr_pimpl.vcxproj", "{A6BAA711-6AA3-445A-B951-A865C81F0A41}"
EndProject
Project("{8BC9CEB8-8B4A-11D0-8D11-00A0C91BC942}") = "shared_ptr_and_stl", "shared_ptr_and_stl\shared_ptr_and_stl.vcxproj", "{512594B2-939F-417D-A57F-0E15723F8483}"
EndProject
Project("{8BC9CEB8-8B4A-11D0-8D11-00A0C91BC942}") = "s_ptr_other_resources", "s_ptr_other_resources\s_ptr_other_resources.vcxproj", "{182CD40F-1AC1-41A7-B190-B352D5E0568A}"
EndProject
Project("{8BC9CEB8-8B4A-11D0-8D11-00A0C91BC942}") = "weak_ptr_1", "weak_ptr_1\weak_ptr_1.vcxproj", "{73435BDB-00C6-490C-AA95-FE92788E31AF}"
EndProject
Project("{8BC9CEB8-8B4A-11D0-8D11-00A0C91BC942}") = "weak_ptr_2", "weak_ptr_2\weak_ptr_2.vcxproj", "{119C8230-211B-4056-AA77-3867A2AE6837}"
EndProject
Project("{8BC9CEB8-8B4A-11D0-8D11-00A0C91BC942}") = "any_1", "any_1\any_1.vcxproj", "{52B69B51-9F30-45A8-89C7-FCA4E823FB30}"
EndProject
Project("{8BC9CEB8-8B4A-11D0-8D11-00A0C91BC942}") = "any_property", "any_property\any_property.vcxproj", "{B8F52219-177A-4728-8B65-F5B5C1E4693C}"
EndProject
Project("{8BC9CEB8-8B4A-11D0-8D11-00A0C91BC942}") = "any_and_shared_ptr", "any_and_shared_ptr\any_and_shared_ptr.vcxproj", "{A6572890-3522-4EDB-8934-D7705FDE8E93}"
EndProject
Project("{8BC9CEB8-8B4A-11D0-8D11-00A0C91BC942}") = "any_more", "any_more\any_more.vcxproj", "{657C193C-79F8-47AB-99FF-83A7873BBC0A}"
EndProject
Project("{8BC9CEB8-8B4A-11D0-8D11-00A0C91BC942}") = "any_out", "any_out\any_out.vcxproj", "{EEBD4CD0-EA46-46E7-8F58-01EFEB15BD2D}"
EndProject
Project("{8BC9CEB8-8B4A-11D0-8D11-00A0C91BC942}") = "any_predicates", "any_predicates\any_predicates.vcxproj", "{28AF3605-3587-4B2A-B23B-A1C046EBDC62}"
EndProject
Project("{8BC9CEB8-8B4A-11D0-8D11-00A0C91BC942}") = "polymorphic_cast_1", "polymorphic_cast_1\polymorphic_cast_1.vcxproj", "{CB934139-232B-40DE-8AD7-A9130845BF80}"
EndProject
Project("{8BC9CEB8-8B4A-11D0-8D11-00A0C91BC942}") = "poly_cast_vs_dyn_cast", "poly_cast_vs_dyn_cast\poly_cast_vs_dyn_cast.vcxproj", "{64441F38-8C62-4187-BC51-BBD6700B4F0C}"
EndProject
Project("{8BC9CEB8-8B4A-11D0-8D11-00A0C91BC942}") = "numeric_cast_1", "numeric_cast_1\numeric_cast_1.vcxproj", "{2A0DC771-EB15-4514-9EBB-9EC658F5341F}"
EndProject
Project("{8BC9CEB8-8B4A-11D0-8D11-00A0C91BC942}") = "lexical_cast_1", "lexical_cast_1\lexical_cast_1.vcxproj", "{B958CBDF-21DA-43E1-A4CC-286E88FD33B0}"
EndProject
Project("{8BC9CEB8-8B4A-11D0-8D11-00A0C91BC942}") = "tuple_1", "tuple_1\tuple_1.vcxproj", "{AEF62D7D-6451-4C4E-8128-F79F4E5BA9B1}"
EndProject
Project("{8BC9CEB8-8B4A-11D0-8D11-00A0C91BC942}") = "variant_1", "variant_1\variant_1.vcxproj", "{79CEBD7D-9C9C-48D3-9DD4-E797F0FBEB36}"
EndProject
Project("{8BC9CEB8-8B4A-11D0-8D11-00A0C91BC942}") = "ptr_container_1", "ptr_container_1\ptr_container_1.vcxproj", "{63740F5E-5B9F-4374-81C8-0C910FA8C16E}"
EndProject
Project("{8BC9CEB8-8B4A-11D0-8D11-00A0C91BC942}") = "boost_signal_1", "boost_signal_1\boost_signal_1.vcxproj", "{4F3EB1D9-6652-456C-8D6B-B89FBC5AA280}"
EndProject
Project("{8BC9CEB8-8B4A-11D0-8D11-00A0C91BC942}") = "boost_bind_1", "boost_bind_1\boost_bind_1.vcxproj", "{2ADC194B-B3E5-449A-ABD6-AA7D865DA9F6}"
EndProject
Project("{8BC9CEB8-8B4A-11D0-8D11-00A0C91BC942}") = "program_options_first", "program_options_first\program_options_first.vcxproj", "{3448FDBE-04BC-4FE4-BF35-A031FC763C4A}"
EndProject
Project("{8BC9CEB8-8B4A-11D0-8D11-00A0C91BC942}") = "python_1", "python_1\python_1.vcxproj", "{549660E1-8F03-43F0-B89A-D07DABB074C3}"
EndProject
Project("{8BC9CEB8-8B4A-11D0-8D11-00A0C91BC942}") = "unordered_1", "unordered_1\unordered_1.vcxproj", "{A08AC77E-16AE-4AB1-BB95-F9D1CCCC8BBB}"
EndProject
Project("{8BC9CEB8-8B4A-11D0-8D11-00A0C91BC942}") = "regex_1", "regex_1\regex_1.vcxproj", "{C4A9071E-80CB-4C1F-BA88-1BEF2A8E28B4}"
EndProject
Project("{8BC9CEB8-8B4A-11D0-8D11-00A0C91BC942}") = "boost_signal_std_lib", "boost_signal_std_lib\boost_signal_std_lib.vcxproj", "{54507A6C-3E9B-4171-833D-1DFDC46FB34F}"
EndProject
Project("{8BC9CEB8-8B4A-11D0-8D11-00A0C91BC942}") = "pool_1", "pool_1\pool_1.vcxproj", "{49F0B260-716A-4D42-AF59-2A040D08A97C}"
EndProject
Project("{8BC9CEB8-8B4A-11D0-8D11-00A0C91BC942}") = "basic_boost_log", "basic_boost_log\basic_boost_log.vcxproj", "{801CA686-24EA-439A-8276-4F5276FE1510}"
EndProject
Project("{8BC9CEB8-8B4A-11D0-8D11-00A0C91BC942}") = "advanced_boost_log", "advanced_boost_log\advanced_boost_log.vcxproj", "{86B5469E-949A-4EB3-98CE-7DE7B37C2EF6}"
EndProject
Project("{8BC9CEB8-8B4A-11D0-8D11-00A0C91BC942}") = "settings_file_boost_log", "settings_file_boost_log\settings_file_boost_log.vcxproj", "{C48B0EA0-5B52-4762-BE7E-7755C404D81A}"
EndProject
Project("{8BC9CEB8-8B4A-11D0-8D11-00A0C91BC942}") = "async_boost_log", "async_boost_log\async_boost_log.vcxproj", "{F83AEBC7-E514-4FBD-ABDB-08168303AA7C}"
EndProject
Project("{2150E333-8FDC-42A3-9474-1A3956D46DE8}") = "timer", "timer", "{D4550428-3E6B-41EB-878D-1F793764A578}"
EndProject
Project("{8BC9CEB8-8B4A-11D0-8D11-00A0C91BC942}") = "auto_cpu_timer", "timer\auto_cpu_timer\auto_cpu_timer.vcxproj", "{4B952446-617F-482A-94AF-08D7072A5281}"
EndProject
Project("{8BC9CEB8-8B4A-11D0-8D11-00A0C91BC942}") = "interprocess_1", "interprocess_1\interprocess_1.vcxproj", "{0B1F6C93-916B-434C-B317-7DBB2CE26F98}"
EndProject
Project("{8BC9CEB8-8B4A-11D0-8D11-00A0C91BC942}") = "boost_test_1", "boost_test_1\boost_test_1.vcxproj", "{76539F93-0BE3-4A36-B9D3-67B8F6345B6A}"
EndProject
Project("{8BC9CEB8-8B4A-11D0-8D11-00A0C91BC942}") = "boost_test_const_string", "boost_test_const_string\boost_test_const_string.vcxproj", "{9E3E5444-C724-4269-B1A4-A781B4B973D8}"
EndProject
Global
	GlobalSection(SolutionConfigurationPlatforms) = preSolution
		Debug|Win32 = Debug|Win32
		Debug|x64 = Debug|x64
		Release|Win32 = Release|Win32
		Release|x64 = Release|x64
	EndGlobalSection
	GlobalSection(ProjectConfigurationPlatforms) = postSolution
		{F606D09B-71EB-497B-B1CB-F0FDF830B359}.Debug|Win32.ActiveCfg = Debug|Win32
		{F606D09B-71EB-497B-B1CB-F0FDF830B359}.Debug|Win32.Build.0 = Debug|Win32
		{F606D09B-71EB-497B-B1CB-F0FDF830B359}.Debug|x64.ActiveCfg = Debug|x64
		{F606D09B-71EB-497B-B1CB-F0FDF830B359}.Debug|x64.Build.0 = Debug|x64
		{F606D09B-71EB-497B-B1CB-F0FDF830B359}.Release|Win32.ActiveCfg = Release|Win32
		{F606D09B-71EB-497B-B1CB-F0FDF830B359}.Release|Win32.Build.0 = Release|Win32
		{F606D09B-71EB-497B-B1CB-F0FDF830B359}.Release|x64.ActiveCfg = Release|x64
		{F606D09B-71EB-497B-B1CB-F0FDF830B359}.Release|x64.Build.0 = Release|x64
		{9609887E-D672-4EAD-B8BF-31161C9183D9}.Debug|Win32.ActiveCfg = Debug|Win32
		{9609887E-D672-4EAD-B8BF-31161C9183D9}.Debug|Win32.Build.0 = Debug|Win32
		{9609887E-D672-4EAD-B8BF-31161C9183D9}.Debug|x64.ActiveCfg = Debug|x64
		{9609887E-D672-4EAD-B8BF-31161C9183D9}.Debug|x64.Build.0 = Debug|x64
		{9609887E-D672-4EAD-B8BF-31161C9183D9}.Release|Win32.ActiveCfg = Release|Win32
		{9609887E-D672-4EAD-B8BF-31161C9183D9}.Release|Win32.Build.0 = Release|Win32
		{9609887E-D672-4EAD-B8BF-31161C9183D9}.Release|x64.ActiveCfg = Release|x64
		{9609887E-D672-4EAD-B8BF-31161C9183D9}.Release|x64.Build.0 = Release|x64
		{AB2B9404-77B8-423B-8AAF-7B0D909FD340}.Debug|Win32.ActiveCfg = Debug|Win32
		{AB2B9404-77B8-423B-8AAF-7B0D909FD340}.Debug|Win32.Build.0 = Debug|Win32
		{AB2B9404-77B8-423B-8AAF-7B0D909FD340}.Debug|x64.ActiveCfg = Debug|x64
		{AB2B9404-77B8-423B-8AAF-7B0D909FD340}.Debug|x64.Build.0 = Debug|x64
		{AB2B9404-77B8-423B-8AAF-7B0D909FD340}.Release|Win32.ActiveCfg = Release|Win32
		{AB2B9404-77B8-423B-8AAF-7B0D909FD340}.Release|Win32.Build.0 = Release|Win32
		{AB2B9404-77B8-423B-8AAF-7B0D909FD340}.Release|x64.ActiveCfg = Release|x64
		{AB2B9404-77B8-423B-8AAF-7B0D909FD340}.Release|x64.Build.0 = Release|x64
		{A6BAA711-6AA3-445A-B951-A865C81F0A41}.Debug|Win32.ActiveCfg = Debug|Win32
		{A6BAA711-6AA3-445A-B951-A865C81F0A41}.Debug|Win32.Build.0 = Debug|Win32
		{A6BAA711-6AA3-445A-B951-A865C81F0A41}.Debug|x64.ActiveCfg = Debug|x64
		{A6BAA711-6AA3-445A-B951-A865C81F0A41}.Debug|x64.Build.0 = Debug|x64
		{A6BAA711-6AA3-445A-B951-A865C81F0A41}.Release|Win32.ActiveCfg = Release|Win32
		{A6BAA711-6AA3-445A-B951-A865C81F0A41}.Release|Win32.Build.0 = Release|Win32
		{A6BAA711-6AA3-445A-B951-A865C81F0A41}.Release|x64.ActiveCfg = Release|x64
		{A6BAA711-6AA3-445A-B951-A865C81F0A41}.Release|x64.Build.0 = Release|x64
		{512594B2-939F-417D-A57F-0E15723F8483}.Debug|Win32.ActiveCfg = Debug|Win32
		{512594B2-939F-417D-A57F-0E15723F8483}.Debug|Win32.Build.0 = Debug|Win32
		{512594B2-939F-417D-A57F-0E15723F8483}.Debug|x64.ActiveCfg = Debug|x64
		{512594B2-939F-417D-A57F-0E15723F8483}.Debug|x64.Build.0 = Debug|x64
		{512594B2-939F-417D-A57F-0E15723F8483}.Release|Win32.ActiveCfg = Release|Win32
		{512594B2-939F-417D-A57F-0E15723F8483}.Release|Win32.Build.0 = Release|Win32
		{512594B2-939F-417D-A57F-0E15723F8483}.Release|x64.ActiveCfg = Release|x64
		{512594B2-939F-417D-A57F-0E15723F8483}.Release|x64.Build.0 = Release|x64
		{182CD40F-1AC1-41A7-B190-B352D5E0568A}.Debug|Win32.ActiveCfg = Debug|Win32
		{182CD40F-1AC1-41A7-B190-B352D5E0568A}.Debug|Win32.Build.0 = Debug|Win32
		{182CD40F-1AC1-41A7-B190-B352D5E0568A}.Debug|x64.ActiveCfg = Debug|x64
		{182CD40F-1AC1-41A7-B190-B352D5E0568A}.Debug|x64.Build.0 = Debug|x64
		{182CD40F-1AC1-41A7-B190-B352D5E0568A}.Release|Win32.ActiveCfg = Release|Win32
		{182CD40F-1AC1-41A7-B190-B352D5E0568A}.Release|Win32.Build.0 = Release|Win32
		{182CD40F-1AC1-41A7-B190-B352D5E0568A}.Release|x64.ActiveCfg = Release|x64
		{182CD40F-1AC1-41A7-B190-B352D5E0568A}.Release|x64.Build.0 = Release|x64
		{73435BDB-00C6-490C-AA95-FE92788E31AF}.Debug|Win32.ActiveCfg = Debug|Win32
		{73435BDB-00C6-490C-AA95-FE92788E31AF}.Debug|Win32.Build.0 = Debug|Win32
		{73435BDB-00C6-490C-AA95-FE92788E31AF}.Debug|x64.ActiveCfg = Debug|x64
		{73435BDB-00C6-490C-AA95-FE92788E31AF}.Debug|x64.Build.0 = Debug|x64
		{73435BDB-00C6-490C-AA95-FE92788E31AF}.Release|Win32.ActiveCfg = Release|Win32
		{73435BDB-00C6-490C-AA95-FE92788E31AF}.Release|Win32.Build.0 = Release|Win32
		{73435BDB-00C6-490C-AA95-FE92788E31AF}.Release|x64.ActiveCfg = Release|x64
		{73435BDB-00C6-490C-AA95-FE92788E31AF}.Release|x64.Build.0 = Release|x64
		{119C8230-211B-4056-AA77-3867A2AE6837}.Debug|Win32.ActiveCfg = Debug|Win32
		{119C8230-211B-4056-AA77-3867A2AE6837}.Debug|Win32.Build.0 = Debug|Win32
		{119C8230-211B-4056-AA77-3867A2AE6837}.Debug|x64.ActiveCfg = Debug|x64
		{119C8230-211B-4056-AA77-3867A2AE6837}.Debug|x64.Build.0 = Debug|x64
		{119C8230-211B-4056-AA77-3867A2AE6837}.Release|Win32.ActiveCfg = Release|Win32
		{119C8230-211B-4056-AA77-3867A2AE6837}.Release|Win32.Build.0 = Release|Win32
		{119C8230-211B-4056-AA77-3867A2AE6837}.Release|x64.ActiveCfg = Release|x64
		{119C8230-211B-4056-AA77-3867A2AE6837}.Release|x64.Build.0 = Release|x64
		{52B69B51-9F30-45A8-89C7-FCA4E823FB30}.Debug|Win32.ActiveCfg = Debug|Win32
		{52B69B51-9F30-45A8-89C7-FCA4E823FB30}.Debug|Win32.Build.0 = Debug|Win32
		{52B69B51-9F30-45A8-89C7-FCA4E823FB30}.Debug|x64.ActiveCfg = Debug|x64
		{52B69B51-9F30-45A8-89C7-FCA4E823FB30}.Debug|x64.Build.0 = Debug|x64
		{52B69B51-9F30-45A8-89C7-FCA4E823FB30}.Release|Win32.ActiveCfg = Release|Win32
		{52B69B51-9F30-45A8-89C7-FCA4E823FB30}.Release|Win32.Build.0 = Release|Win32
		{52B69B51-9F30-45A8-89C7-FCA4E823FB30}.Release|x64.ActiveCfg = Release|x64
		{52B69B51-9F30-45A8-89C7-FCA4E823FB30}.Release|x64.Build.0 = Release|x64
		{B8F52219-177A-4728-8B65-F5B5C1E4693C}.Debug|Win32.ActiveCfg = Debug|Win32
		{B8F52219-177A-4728-8B65-F5B5C1E4693C}.Debug|Win32.Build.0 = Debug|Win32
		{B8F52219-177A-4728-8B65-F5B5C1E4693C}.Debug|x64.ActiveCfg = Debug|x64
		{B8F52219-177A-4728-8B65-F5B5C1E4693C}.Debug|x64.Build.0 = Debug|x64
		{B8F52219-177A-4728-8B65-F5B5C1E4693C}.Release|Win32.ActiveCfg = Release|Win32
		{B8F52219-177A-4728-8B65-F5B5C1E4693C}.Release|Win32.Build.0 = Release|Win32
		{B8F52219-177A-4728-8B65-F5B5C1E4693C}.Release|x64.ActiveCfg = Release|x64
		{B8F52219-177A-4728-8B65-F5B5C1E4693C}.Release|x64.Build.0 = Release|x64
		{A6572890-3522-4EDB-8934-D7705FDE8E93}.Debug|Win32.ActiveCfg = Debug|Win32
		{A6572890-3522-4EDB-8934-D7705FDE8E93}.Debug|Win32.Build.0 = Debug|Win32
		{A6572890-3522-4EDB-8934-D7705FDE8E93}.Debug|x64.ActiveCfg = Debug|x64
		{A6572890-3522-4EDB-8934-D7705FDE8E93}.Debug|x64.Build.0 = Debug|x64
		{A6572890-3522-4EDB-8934-D7705FDE8E93}.Release|Win32.ActiveCfg = Release|Win32
		{A6572890-3522-4EDB-8934-D7705FDE8E93}.Release|Win32.Build.0 = Release|Win32
		{A6572890-3522-4EDB-8934-D7705FDE8E93}.Release|x64.ActiveCfg = Release|x64
		{A6572890-3522-4EDB-8934-D7705FDE8E93}.Release|x64.Build.0 = Release|x64
		{657C193C-79F8-47AB-99FF-83A7873BBC0A}.Debug|Win32.ActiveCfg = Debug|Win32
		{657C193C-79F8-47AB-99FF-83A7873BBC0A}.Debug|Win32.Build.0 = Debug|Win32
		{657C193C-79F8-47AB-99FF-83A7873BBC0A}.Debug|x64.ActiveCfg = Debug|x64
		{657C193C-79F8-47AB-99FF-83A7873BBC0A}.Debug|x64.Build.0 = Debug|x64
		{657C193C-79F8-47AB-99FF-83A7873BBC0A}.Release|Win32.ActiveCfg = Release|Win32
		{657C193C-79F8-47AB-99FF-83A7873BBC0A}.Release|Win32.Build.0 = Release|Win32
		{657C193C-79F8-47AB-99FF-83A7873BBC0A}.Release|x64.ActiveCfg = Release|x64
		{657C193C-79F8-47AB-99FF-83A7873BBC0A}.Release|x64.Build.0 = Release|x64
		{EEBD4CD0-EA46-46E7-8F58-01EFEB15BD2D}.Debug|Win32.ActiveCfg = Debug|Win32
		{EEBD4CD0-EA46-46E7-8F58-01EFEB15BD2D}.Debug|Win32.Build.0 = Debug|Win32
		{EEBD4CD0-EA46-46E7-8F58-01EFEB15BD2D}.Debug|x64.ActiveCfg = Debug|x64
		{EEBD4CD0-EA46-46E7-8F58-01EFEB15BD2D}.Debug|x64.Build.0 = Debug|x64
		{EEBD4CD0-EA46-46E7-8F58-01EFEB15BD2D}.Release|Win32.ActiveCfg = Release|Win32
		{EEBD4CD0-EA46-46E7-8F58-01EFEB15BD2D}.Release|Win32.Build.0 = Release|Win32
		{EEBD4CD0-EA46-46E7-8F58-01EFEB15BD2D}.Release|x64.ActiveCfg = Release|x64
		{EEBD4CD0-EA46-46E7-8F58-01EFEB15BD2D}.Release|x64.Build.0 = Release|x64
		{28AF3605-3587-4B2A-B23B-A1C046EBDC62}.Debug|Win32.ActiveCfg = Debug|Win32
		{28AF3605-3587-4B2A-B23B-A1C046EBDC62}.Debug|Win32.Build.0 = Debug|Win32
		{28AF3605-3587-4B2A-B23B-A1C046EBDC62}.Debug|x64.ActiveCfg = Debug|x64
		{28AF3605-3587-4B2A-B23B-A1C046EBDC62}.Debug|x64.Build.0 = Debug|x64
		{28AF3605-3587-4B2A-B23B-A1C046EBDC62}.Release|Win32.ActiveCfg = Release|Win32
		{28AF3605-3587-4B2A-B23B-A1C046EBDC62}.Release|Win32.Build.0 = Release|Win32
		{28AF3605-3587-4B2A-B23B-A1C046EBDC62}.Release|x64.ActiveCfg = Release|x64
		{28AF3605-3587-4B2A-B23B-A1C046EBDC62}.Release|x64.Build.0 = Release|x64
		{CB934139-232B-40DE-8AD7-A9130845BF80}.Debug|Win32.ActiveCfg = Debug|Win32
		{CB934139-232B-40DE-8AD7-A9130845BF80}.Debug|Win32.Build.0 = Debug|Win32
		{CB934139-232B-40DE-8AD7-A9130845BF80}.Debug|x64.ActiveCfg = Debug|x64
		{CB934139-232B-40DE-8AD7-A9130845BF80}.Debug|x64.Build.0 = Debug|x64
		{CB934139-232B-40DE-8AD7-A9130845BF80}.Release|Win32.ActiveCfg = Release|Win32
		{CB934139-232B-40DE-8AD7-A9130845BF80}.Release|Win32.Build.0 = Release|Win32
		{CB934139-232B-40DE-8AD7-A9130845BF80}.Release|x64.ActiveCfg = Release|x64
		{CB934139-232B-40DE-8AD7-A9130845BF80}.Release|x64.Build.0 = Release|x64
		{64441F38-8C62-4187-BC51-BBD6700B4F0C}.Debug|Win32.ActiveCfg = Debug|Win32
		{64441F38-8C62-4187-BC51-BBD6700B4F0C}.Debug|Win32.Build.0 = Debug|Win32
		{64441F38-8C62-4187-BC51-BBD6700B4F0C}.Debug|x64.ActiveCfg = Debug|x64
		{64441F38-8C62-4187-BC51-BBD6700B4F0C}.Debug|x64.Build.0 = Debug|x64
		{64441F38-8C62-4187-BC51-BBD6700B4F0C}.Release|Win32.ActiveCfg = Release|Win32
		{64441F38-8C62-4187-BC51-BBD6700B4F0C}.Release|Win32.Build.0 = Release|Win32
		{64441F38-8C62-4187-BC51-BBD6700B4F0C}.Release|x64.ActiveCfg = Release|x64
		{64441F38-8C62-4187-BC51-BBD6700B4F0C}.Release|x64.Build.0 = Release|x64
		{2A0DC771-EB15-4514-9EBB-9EC658F5341F}.Debug|Win32.ActiveCfg = Debug|Win32
		{2A0DC771-EB15-4514-9EBB-9EC658F5341F}.Debug|Win32.Build.0 = Debug|Win32
		{2A0DC771-EB15-4514-9EBB-9EC658F5341F}.Debug|x64.ActiveCfg = Debug|x64
		{2A0DC771-EB15-4514-9EBB-9EC658F5341F}.Debug|x64.Build.0 = Debug|x64
		{2A0DC771-EB15-4514-9EBB-9EC658F5341F}.Release|Win32.ActiveCfg = Release|Win32
		{2A0DC771-EB15-4514-9EBB-9EC658F5341F}.Release|Win32.Build.0 = Release|Win32
		{2A0DC771-EB15-4514-9EBB-9EC658F5341F}.Release|x64.ActiveCfg = Release|x64
		{2A0DC771-EB15-4514-9EBB-9EC658F5341F}.Release|x64.Build.0 = Release|x64
		{B958CBDF-21DA-43E1-A4CC-286E88FD33B0}.Debug|Win32.ActiveCfg = Debug|Win32
		{B958CBDF-21DA-43E1-A4CC-286E88FD33B0}.Debug|Win32.Build.0 = Debug|Win32
		{B958CBDF-21DA-43E1-A4CC-286E88FD33B0}.Debug|x64.ActiveCfg = Debug|x64
		{B958CBDF-21DA-43E1-A4CC-286E88FD33B0}.Debug|x64.Build.0 = Debug|x64
		{B958CBDF-21DA-43E1-A4CC-286E88FD33B0}.Release|Win32.ActiveCfg = Release|Win32
		{B958CBDF-21DA-43E1-A4CC-286E88FD33B0}.Release|Win32.Build.0 = Release|Win32
		{B958CBDF-21DA-43E1-A4CC-286E88FD33B0}.Release|x64.ActiveCfg = Release|x64
		{B958CBDF-21DA-43E1-A4CC-286E88FD33B0}.Release|x64.Build.0 = Release|x64
		{AEF62D7D-6451-4C4E-8128-F79F4E5BA9B1}.Debug|Win32.ActiveCfg = Debug|Win32
		{AEF62D7D-6451-4C4E-8128-F79F4E5BA9B1}.Debug|Win32.Build.0 = Debug|Win32
		{AEF62D7D-6451-4C4E-8128-F79F4E5BA9B1}.Debug|x64.ActiveCfg = Debug|x64
		{AEF62D7D-6451-4C4E-8128-F79F4E5BA9B1}.Debug|x64.Build.0 = Debug|x64
		{AEF62D7D-6451-4C4E-8128-F79F4E5BA9B1}.Release|Win32.ActiveCfg = Release|Win32
		{AEF62D7D-6451-4C4E-8128-F79F4E5BA9B1}.Release|Win32.Build.0 = Release|Win32
		{AEF62D7D-6451-4C4E-8128-F79F4E5BA9B1}.Release|x64.ActiveCfg = Release|x64
		{AEF62D7D-6451-4C4E-8128-F79F4E5BA9B1}.Release|x64.Build.0 = Release|x64
		{79CEBD7D-9C9C-48D3-9DD4-E797F0FBEB36}.Debug|Win32.ActiveCfg = Debug|Win32
		{79CEBD7D-9C9C-48D3-9DD4-E797F0FBEB36}.Debug|Win32.Build.0 = Debug|Win32
		{79CEBD7D-9C9C-48D3-9DD4-E797F0FBEB36}.Debug|x64.ActiveCfg = Debug|x64
		{79CEBD7D-9C9C-48D3-9DD4-E797F0FBEB36}.Debug|x64.Build.0 = Debug|x64
		{79CEBD7D-9C9C-48D3-9DD4-E797F0FBEB36}.Release|Win32.ActiveCfg = Release|Win32
		{79CEBD7D-9C9C-48D3-9DD4-E797F0FBEB36}.Release|Win32.Build.0 = Release|Win32
		{79CEBD7D-9C9C-48D3-9DD4-E797F0FBEB36}.Release|x64.ActiveCfg = Release|x64
		{79CEBD7D-9C9C-48D3-9DD4-E797F0FBEB36}.Release|x64.Build.0 = Release|x64
		{63740F5E-5B9F-4374-81C8-0C910FA8C16E}.Debug|Win32.ActiveCfg = Debug|Win32
		{63740F5E-5B9F-4374-81C8-0C910FA8C16E}.Debug|Win32.Build.0 = Debug|Win32
		{63740F5E-5B9F-4374-81C8-0C910FA8C16E}.Debug|x64.ActiveCfg = Debug|x64
		{63740F5E-5B9F-4374-81C8-0C910FA8C16E}.Release|Win32.ActiveCfg = Release|Win32
		{63740F5E-5B9F-4374-81C8-0C910FA8C16E}.Release|Win32.Build.0 = Release|Win32
		{63740F5E-5B9F-4374-81C8-0C910FA8C16E}.Release|x64.ActiveCfg = Release|Win32
		{4F3EB1D9-6652-456C-8D6B-B89FBC5AA280}.Debug|Win32.ActiveCfg = Debug|Win32
		{4F3EB1D9-6652-456C-8D6B-B89FBC5AA280}.Debug|Win32.Build.0 = Debug|Win32
		{4F3EB1D9-6652-456C-8D6B-B89FBC5AA280}.Debug|x64.ActiveCfg = Debug|x64
		{4F3EB1D9-6652-456C-8D6B-B89FBC5AA280}.Release|Win32.ActiveCfg = Release|Win32
		{4F3EB1D9-6652-456C-8D6B-B89FBC5AA280}.Release|Win32.Build.0 = Release|Win32
		{4F3EB1D9-6652-456C-8D6B-B89FBC5AA280}.Release|x64.ActiveCfg = Release|Win32
		{2ADC194B-B3E5-449A-ABD6-AA7D865DA9F6}.Debug|Win32.ActiveCfg = Debug|Win32
		{2ADC194B-B3E5-449A-ABD6-AA7D865DA9F6}.Debug|Win32.Build.0 = Debug|Win32
		{2ADC194B-B3E5-449A-ABD6-AA7D865DA9F6}.Debug|x64.ActiveCfg = Debug|x64
		{2ADC194B-B3E5-449A-ABD6-AA7D865DA9F6}.Release|Win32.ActiveCfg = Release|Win32
		{2ADC194B-B3E5-449A-ABD6-AA7D865DA9F6}.Release|Win32.Build.0 = Release|Win32
		{2ADC194B-B3E5-449A-ABD6-AA7D865DA9F6}.Release|x64.ActiveCfg = Release|Win32
		{3448FDBE-04BC-4FE4-BF35-A031FC763C4A}.Debug|Win32.ActiveCfg = Debug|Win32
		{3448FDBE-04BC-4FE4-BF35-A031FC763C4A}.Debug|Win32.Build.0 = Debug|Win32
		{3448FDBE-04BC-4FE4-BF35-A031FC763C4A}.Debug|x64.ActiveCfg = Debug|x64
		{3448FDBE-04BC-4FE4-BF35-A031FC763C4A}.Release|Win32.ActiveCfg = Release|Win32
		{3448FDBE-04BC-4FE4-BF35-A031FC763C4A}.Release|Win32.Build.0 = Release|Win32
		{3448FDBE-04BC-4FE4-BF35-A031FC763C4A}.Release|x64.ActiveCfg = Release|Win32
		{549660E1-8F03-43F0-B89A-D07DABB074C3}.Debug|Win32.ActiveCfg = Debug|Win32
		{549660E1-8F03-43F0-B89A-D07DABB074C3}.Debug|Win32.Build.0 = Debug|Win32
		{549660E1-8F03-43F0-B89A-D07DABB074C3}.Debug|x64.ActiveCfg = Debug|x64
		{549660E1-8F03-43F0-B89A-D07DABB074C3}.Release|Win32.ActiveCfg = Release|Win32
		{549660E1-8F03-43F0-B89A-D07DABB074C3}.Release|Win32.Build.0 = Release|Win32
		{549660E1-8F03-43F0-B89A-D07DABB074C3}.Release|x64.ActiveCfg = Release|Win32
		{A08AC77E-16AE-4AB1-BB95-F9D1CCCC8BBB}.Debug|Win32.ActiveCfg = Debug|Win32
		{A08AC77E-16AE-4AB1-BB95-F9D1CCCC8BBB}.Debug|Win32.Build.0 = Debug|Win32
		{A08AC77E-16AE-4AB1-BB95-F9D1CCCC8BBB}.Debug|x64.ActiveCfg = Debug|x64
		{A08AC77E-16AE-4AB1-BB95-F9D1CCCC8BBB}.Release|Win32.ActiveCfg = Release|Win32
		{A08AC77E-16AE-4AB1-BB95-F9D1CCCC8BBB}.Release|Win32.Build.0 = Release|Win32
		{A08AC77E-16AE-4AB1-BB95-F9D1CCCC8BBB}.Release|x64.ActiveCfg = Release|Win32
		{C4A9071E-80CB-4C1F-BA88-1BEF2A8E28B4}.Debug|Win32.ActiveCfg = Debug|Win32
		{C4A9071E-80CB-4C1F-BA88-1BEF2A8E28B4}.Debug|Win32.Build.0 = Debug|Win32
		{C4A9071E-80CB-4C1F-BA88-1BEF2A8E28B4}.Debug|x64.ActiveCfg = Debug|x64
		{C4A9071E-80CB-4C1F-BA88-1BEF2A8E28B4}.Release|Win32.ActiveCfg = Release|Win32
		{C4A9071E-80CB-4C1F-BA88-1BEF2A8E28B4}.Release|Win32.Build.0 = Release|Win32
		{C4A9071E-80CB-4C1F-BA88-1BEF2A8E28B4}.Release|x64.ActiveCfg = Release|Win32
		{54507A6C-3E9B-4171-833D-1DFDC46FB34F}.Debug|Win32.ActiveCfg = Debug|Win32
		{54507A6C-3E9B-4171-833D-1DFDC46FB34F}.Debug|Win32.Build.0 = Debug|Win32
		{54507A6C-3E9B-4171-833D-1DFDC46FB34F}.Debug|x64.ActiveCfg = Debug|x64
		{54507A6C-3E9B-4171-833D-1DFDC46FB34F}.Release|Win32.ActiveCfg = Release|Win32
		{54507A6C-3E9B-4171-833D-1DFDC46FB34F}.Release|Win32.Build.0 = Release|Win32
		{54507A6C-3E9B-4171-833D-1DFDC46FB34F}.Release|x64.ActiveCfg = Release|Win32
		{49F0B260-716A-4D42-AF59-2A040D08A97C}.Debug|Win32.ActiveCfg = Debug|Win32
		{49F0B260-716A-4D42-AF59-2A040D08A97C}.Debug|Win32.Build.0 = Debug|Win32
		{49F0B260-716A-4D42-AF59-2A040D08A97C}.Debug|x64.ActiveCfg = Debug|x64
		{49F0B260-716A-4D42-AF59-2A040D08A97C}.Release|Win32.ActiveCfg = Release|Win32
		{49F0B260-716A-4D42-AF59-2A040D08A97C}.Release|Win32.Build.0 = Release|Win32
		{49F0B260-716A-4D42-AF59-2A040D08A97C}.Release|x64.ActiveCfg = Release|Win32
		{801CA686-24EA-439A-8276-4F5276FE1510}.Debug|Win32.ActiveCfg = Debug|Win32
		{801CA686-24EA-439A-8276-4F5276FE1510}.Debug|Win32.Build.0 = Debug|Win32
		{801CA686-24EA-439A-8276-4F5276FE1510}.Debug|x64.ActiveCfg = Debug|x64
		{801CA686-24EA-439A-8276-4F5276FE1510}.Release|Win32.ActiveCfg = Release|Win32
		{801CA686-24EA-439A-8276-4F5276FE1510}.Release|Win32.Build.0 = Release|Win32
		{801CA686-24EA-439A-8276-4F5276FE1510}.Release|x64.ActiveCfg = Release|Win32
		{86B5469E-949A-4EB3-98CE-7DE7B37C2EF6}.Debug|Win32.ActiveCfg = Debug|Win32
		{86B5469E-949A-4EB3-98CE-7DE7B37C2EF6}.Debug|Win32.Build.0 = Debug|Win32
		{86B5469E-949A-4EB3-98CE-7DE7B37C2EF6}.Debug|x64.ActiveCfg = Debug|x64
		{86B5469E-949A-4EB3-98CE-7DE7B37C2EF6}.Release|Win32.ActiveCfg = Release|Win32
		{86B5469E-949A-4EB3-98CE-7DE7B37C2EF6}.Release|Win32.Build.0 = Release|Win32
		{86B5469E-949A-4EB3-98CE-7DE7B37C2EF6}.Release|x64.ActiveCfg = Release|Win32
		{C48B0EA0-5B52-4762-BE7E-7755C404D81A}.Debug|Win32.ActiveCfg = Debug|Win32
		{C48B0EA0-5B52-4762-BE7E-7755C404D81A}.Debug|Win32.Build.0 = Debug|Win32
		{C48B0EA0-5B52-4762-BE7E-7755C404D81A}.Debug|x64.ActiveCfg = Debug|x64
		{C48B0EA0-5B52-4762-BE7E-7755C404D81A}.Release|Win32.ActiveCfg = Release|Win32
		{C48B0EA0-5B52-4762-BE7E-7755C404D81A}.Release|Win32.Build.0 = Release|Win32
		{C48B0EA0-5B52-4762-BE7E-7755C404D81A}.Release|x64.ActiveCfg = Release|Win32
		{F83AEBC7-E514-4FBD-ABDB-08168303AA7C}.Debug|Win32.ActiveCfg = Debug|Win32
		{F83AEBC7-E514-4FBD-ABDB-08168303AA7C}.Debug|Win32.Build.0 = Debug|Win32
		{F83AEBC7-E514-4FBD-ABDB-08168303AA7C}.Debug|x64.ActiveCfg = Debug|x64
		{F83AEBC7-E514-4FBD-ABDB-08168303AA7C}.Release|Win32.ActiveCfg = Release|Win32
		{F83AEBC7-E514-4FBD-ABDB-08168303AA7C}.Release|Win32.Build.0 = Release|Win32
		{F83AEBC7-E514-4FBD-ABDB-08168303AA7C}.Release|x64.ActiveCfg = Release|Win32
		{4B952446-617F-482A-94AF-08D7072A5281}.Debug|Win32.ActiveCfg = Debug|Win32
		{4B952446-617F-482A-94AF-08D7072A5281}.Debug|Win32.Build.0 = Debug|Win32
		{4B952446-617F-482A-94AF-08D7072A5281}.Debug|x64.ActiveCfg = Debug|x64
		{4B952446-617F-482A-94AF-08D7072A5281}.Release|Win32.ActiveCfg = Release|Win32
		{4B952446-617F-482A-94AF-08D7072A5281}.Release|Win32.Build.0 = Release|Win32
		{4B952446-617F-482A-94AF-08D7072A5281}.Release|x64.ActiveCfg = Release|Win32
		{0B1F6C93-916B-434C-B317-7DBB2CE26F98}.Debug|Win32.ActiveCfg = Debug|Win32
		{0B1F6C93-916B-434C-B317-7DBB2CE26F98}.Debug|Win32.Build.0 = Debug|Win32
		{0B1F6C93-916B-434C-B317-7DBB2CE26F98}.Debug|x64.ActiveCfg = Debug|x64
		{0B1F6C93-916B-434C-B317-7DBB2CE26F98}.Release|Win32.ActiveCfg = Release|Win32
		{0B1F6C93-916B-434C-B317-7DBB2CE26F98}.Release|Win32.Build.0 = Release|Win32
		{0B1F6C93-916B-434C-B317-7DBB2CE26F98}.Release|x64.ActiveCfg = Release|Win32
		{76539F93-0BE3-4A36-B9D3-67B8F6345B6A}.Debug|Win32.ActiveCfg = Debug|Win32
		{76539F93-0BE3-4A36-B9D3-67B8F6345B6A}.Debug|Win32.Build.0 = Debug|Win32
		{76539F93-0BE3-4A36-B9D3-67B8F6345B6A}.Debug|x64.ActiveCfg = Debug|Win32
		{76539F93-0BE3-4A36-B9D3-67B8F6345B6A}.Release|Win32.ActiveCfg = Release|Win32
		{76539F93-0BE3-4A36-B9D3-67B8F6345B6A}.Release|Win32.Build.0 = Release|Win32
		{76539F93-0BE3-4A36-B9D3-67B8F6345B6A}.Release|x64.ActiveCfg = Release|Win32
		{9E3E5444-C724-4269-B1A4-A781B4B973D8}.Debug|Win32.ActiveCfg = Debug|Win32
		{9E3E5444-C724-4269-B1A4-A781B4B973D8}.Debug|Win32.Build.0 = Debug|Win32
		{9E3E5444-C724-4269-B1A4-A781B4B973D8}.Debug|x64.ActiveCfg = Debug|Win32
		{9E3E5444-C724-4269-B1A4-A781B4B973D8}.Release|Win32.ActiveCfg = Release|Win32
		{9E3E5444-C724-4269-B1A4-A781B4B973D8}.Release|Win32.Build.0 = Release|Win32
		{9E3E5444-C724-4269-B1A4-A781B4B973D8}.Release|x64.ActiveCfg = Release|Win32
	EndGlobalSection
	GlobalSection(SolutionProperties) = preSolution
		HideSolutionNode = FALSE
	EndGlobalSection
	GlobalSection(NestedProjects) = preSolution
		{63740F5E-5B9F-4374-81C8-0C910FA8C16E} = {5BFE8C83-1BDF-4264-83D1-E331297419D5}
		{4F3EB1D9-6652-456C-8D6B-B89FBC5AA280} = {5BFE8C83-1BDF-4264-83D1-E331297419D5}
		{2ADC194B-B3E5-449A-ABD6-AA7D865DA9F6} = {5BFE8C83-1BDF-4264-83D1-E331297419D5}
		{3448FDBE-04BC-4FE4-BF35-A031FC763C4A} = {5BFE8C83-1BDF-4264-83D1-E331297419D5}
		{549660E1-8F03-43F0-B89A-D07DABB074C3} = {5BFE8C83-1BDF-4264-83D1-E331297419D5}
		{A08AC77E-16AE-4AB1-BB95-F9D1CCCC8BBB} = {5BFE8C83-1BDF-4264-83D1-E331297419D5}
		{C4A9071E-80CB-4C1F-BA88-1BEF2A8E28B4} = {5BFE8C83-1BDF-4264-83D1-E331297419D5}
		{54507A6C-3E9B-4171-833D-1DFDC46FB34F} = {5BFE8C83-1BDF-4264-83D1-E331297419D5}
		{49F0B260-716A-4D42-AF59-2A040D08A97C} = {5BFE8C83-1BDF-4264-83D1-E331297419D5}
		{801CA686-24EA-439A-8276-4F5276FE1510} = {5BFE8C83-1BDF-4264-83D1-E331297419D5}
		{86B5469E-949A-4EB3-98CE-7DE7B37C2EF6} = {5BFE8C83-1BDF-4264-83D1-E331297419D5}
		{C48B0EA0-5B52-4762-BE7E-7755C404D81A} = {5BFE8C83-1BDF-4264-83D1-E331297419D5}
		{F83AEBC7-E514-4FBD-ABDB-08168303AA7C} = {5BFE8C83-1BDF-4264-83D1-E331297419D5}
		{0B1F6C93-916B-434C-B317-7DBB2CE26F98} = {5BFE8C83-1BDF-4264-83D1-E331297419D5}
		{76539F93-0BE3-4A36-B9D3-67B8F6345B6A} = {5BFE8C83-1BDF-4264-83D1-E331297419D5}
		{4B952446-617F-482A-94AF-08D7072A5281} = {D4550428-3E6B-41EB-878D-1F793764A578}
	EndGlobalSection
EndGlobal
