
Microsoft Visual Studio Solution File, Format Version 11.00
# Visual Studio 2010
Project("{8BC9CEB8-8B4A-11D0-8D11-00A0C91BC942}") = "15_1_1_fixed_traits", "15_1_1_fixed_traits\15_1_1_fixed_traits.vcxproj", "{265C390E-2D41-4D67-A698-5CA1FEB8D40D}"
EndProject
Project("{8BC9CEB8-8B4A-11D0-8D11-00A0C91BC942}") = "15_1_2_value_traits", "15_1_2_value_traits\15_1_2_value_traits.vcxproj", "{9557BB15-1538-43D6-85AF-AD6690AEC7E6}"
EndProject
Global
	GlobalSection(SolutionConfigurationPlatforms) = preSolution
		Debug|Win32 = Debug|Win32
		Release|Win32 = Release|Win32
	EndGlobalSection
	GlobalSection(ProjectConfigurationPlatforms) = postSolution
		{265C390E-2D41-4D67-A698-5CA1FEB8D40D}.Debug|Win32.ActiveCfg = Debug|Win32
		{265C390E-2D41-4D67-A698-5CA1FEB8D40D}.Debug|Win32.Build.0 = Debug|Win32
		{265C390E-2D41-4D67-A698-5CA1FEB8D40D}.Release|Win32.ActiveCfg = Release|Win32
		{265C390E-2D41-4D67-A698-5CA1FEB8D40D}.Release|Win32.Build.0 = Release|Win32
		{9557BB15-1538-43D6-85AF-AD6690AEC7E6}.Debug|Win32.ActiveCfg = Debug|Win32
		{9557BB15-1538-43D6-85AF-AD6690AEC7E6}.Debug|Win32.Build.0 = Debug|Win32
		{9557BB15-1538-43D6-85AF-AD6690AEC7E6}.Release|Win32.ActiveCfg = Release|Win32
		{9557BB15-1538-43D6-85AF-AD6690AEC7E6}.Release|Win32.Build.0 = Release|Win32
	EndGlobalSection
	GlobalSection(SolutionProperties) = preSolution
		HideSolutionNode = FALSE
	EndGlobalSection
EndGlobal
