
Microsoft Visual Studio Solution File, Format Version 11.00
# Visual Studio 2010
Project("{2150E333-8FDC-42A3-9474-1A3956D46DE8}") = "tcp_sync", "tcp_sync", "{970241ED-2542-40A9-B564-EE00ED7D3CA1}"
	ProjectSection(SolutionItems) = preProject
		tcp_sync\common\message.h = tcp_sync\common\message.h
	EndProjectSection
EndProject
Project("{2150E333-8FDC-42A3-9474-1A3956D46DE8}") = "otpc-mtmc", "otpc-mtmc", "{1BD6DE41-5D24-4C82-A33A-F0537BCD5D94}"
EndProject
Project("{8BC9CEB8-8B4A-11D0-8D11-00A0C91BC942}") = "daytime_client", "daytime_client\daytime_client.vcxproj", "{437F504C-8405-4576-92B0-1964C1ABB4EE}"
EndProject
Project("{8BC9CEB8-8B4A-11D0-8D11-00A0C91BC942}") = "daytime_server", "daytime_server\daytime_server.vcxproj", "{194F52A2-3611-4322-8B4F-1AAAB2575126}"
EndProject
Project("{8BC9CEB8-8B4A-11D0-8D11-00A0C91BC942}") = "multicast_sender", "multicast_sender\multicast_sender.vcxproj", "{D13258A0-49E6-4884-9E09-CCFA6A9B6934}"
EndProject
Project("{8BC9CEB8-8B4A-11D0-8D11-00A0C91BC942}") = "multicast_receiver", "multicast_receiver\multicast_receiver.vcxproj", "{A5095ACF-7936-44D0-82DF-769D4099B04F}"
EndProject
Project("{8BC9CEB8-8B4A-11D0-8D11-00A0C91BC942}") = "timer_sync", "timer_sync\timer_sync.vcxproj", "{1D73B79A-57AB-4374-926F-CC3E6F185C32}"
EndProject
Project("{8BC9CEB8-8B4A-11D0-8D11-00A0C91BC942}") = "timer_async", "timer_async\timer_async.vcxproj", "{65866D76-A64D-46D8-81EB-E35340BAE973}"
EndProject
Project("{8BC9CEB8-8B4A-11D0-8D11-00A0C91BC942}") = "timer_async_threaded", "timer_async_threaded\timer_async_threaded.vcxproj", "{93B5997F-1D8A-4662-93A4-909FC0FCD303}"
EndProject
Project("{8BC9CEB8-8B4A-11D0-8D11-00A0C91BC942}") = "iostream_daytime_server", "iostream_daytime_server\iostream_daytime_server.vcxproj", "{8F7DEF8A-15D7-41D0-9FB8-416168F4539F}"
EndProject
Project("{8BC9CEB8-8B4A-11D0-8D11-00A0C91BC942}") = "iostream_daytime_client", "iostream_daytime_client\iostream_daytime_client.vcxproj", "{DF7AAABE-323E-4396-8E3D-DB0E1E2155F9}"
EndProject
Project("{8BC9CEB8-8B4A-11D0-8D11-00A0C91BC942}") = "tcp_sync_client", "tcp_sync\tcp_sync_client\tcp_sync_client.vcxproj", "{0D1B2DC3-4DAF-43EA-9DD4-9341C629EC54}"
EndProject
Project("{8BC9CEB8-8B4A-11D0-8D11-00A0C91BC942}") = "tcp_sync_server", "tcp_sync\tcp_sync_server\tcp_sync_server.vcxproj", "{51AE3610-565F-42DD-A06D-C1E2856AE579}"
EndProject
Project("{8BC9CEB8-8B4A-11D0-8D11-00A0C91BC942}") = "one_thread_per_connection", "otpc-mtmc\one_thread_per_connection\one_thread_per_connection.vcxproj", "{54D85B34-6456-491D-A497-392D5469C228}"
EndProject
Project("{8BC9CEB8-8B4A-11D0-8D11-00A0C91BC942}") = "multi_thread_multi_connections", "otpc-mtmc\multi_thread_multi_connections\multi_thread_multi_connections.vcxproj", "{37B52FDC-63D9-418C-A1B9-FD1F596B2BA9}"
EndProject
Project("{2150E333-8FDC-42A3-9474-1A3956D46DE8}") = "chat", "chat", "{A5BE2639-27EA-43A8-92C6-3AF7A8B470C0}"
EndProject
Project("{8BC9CEB8-8B4A-11D0-8D11-00A0C91BC942}") = "chat_server", "chat_server\chat_server.vcxproj", "{161FDAAA-600F-4271-8BA2-A840BD13C9A3}"
EndProject
Project("{8BC9CEB8-8B4A-11D0-8D11-00A0C91BC942}") = "chat_client", "chat_client\chat_client.vcxproj", "{3C81197B-EDD3-4184-B411-D3E78508E14B}"
EndProject
Project("{2150E333-8FDC-42A3-9474-1A3956D46DE8}") = "http", "http", "{6B8EB74E-A14E-4F41-A870-07CFB380964B}"
EndProject
Project("{8BC9CEB8-8B4A-11D0-8D11-00A0C91BC942}") = "http_client", "http_client\http_client.vcxproj", "{89BDA3EA-04CF-43BF-B19F-F047FD4403E5}"
EndProject
Project("{8BC9CEB8-8B4A-11D0-8D11-00A0C91BC942}") = "http_proxy", "http_proxy\http_proxy.vcxproj", "{889DF1D9-92AD-45C5-806A-AA96DB7380DF}"
EndProject
Project("{2150E333-8FDC-42A3-9474-1A3956D46DE8}") = "guide", "guide", "{D0580C01-A15A-4670-AE21-A4157BDC0FBF}"
EndProject
Project("{8BC9CEB8-8B4A-11D0-8D11-00A0C91BC942}") = "example_1f", "guide\example_1f\example_1f.vcxproj", "{DB781BD5-CA3B-48E3-8E78-7D583CAE6EF8}"
EndProject
Project("{8BC9CEB8-8B4A-11D0-8D11-00A0C91BC942}") = "example_2e", "guide\example_2e\example_2e.vcxproj", "{8DCC7297-6409-4D81-9492-6950968EBB46}"
EndProject
Project("{8BC9CEB8-8B4A-11D0-8D11-00A0C91BC942}") = "example_2f", "guide\example_2f\example_2f.vcxproj", "{34523D49-9439-4216-8B7D-FB84FA095589}"
EndProject
Project("{8BC9CEB8-8B4A-11D0-8D11-00A0C91BC942}") = "example_3a", "guide\example_3a\example_3a.vcxproj", "{30CBFF59-6B5B-4B23-89AF-52BE697970FA}"
EndProject
Project("{8BC9CEB8-8B4A-11D0-8D11-00A0C91BC942}") = "example_3b", "guide\example_3b\example_3b.vcxproj", "{A11AC313-7045-4726-8CEC-48F2439BD9E6}"
EndProject
Project("{8BC9CEB8-8B4A-11D0-8D11-00A0C91BC942}") = "example_4a", "guide\example_4a\example_4a.vcxproj", "{7ACBCCFF-4E24-4E99-B873-E3AE2CDECCF5}"
EndProject
Project("{8BC9CEB8-8B4A-11D0-8D11-00A0C91BC942}") = "example_4b", "guide\example_4b\example_4b.vcxproj", "{7B4A0CCF-0BFB-498C-9D67-EB73B6A9296A}"
EndProject
Project("{8BC9CEB8-8B4A-11D0-8D11-00A0C91BC942}") = "example_5a", "guide\example_5a\example_5a.vcxproj", "{54C9FBF5-5475-47C6-9C61-3461AE3B7D7B}"
EndProject
Project("{8BC9CEB8-8B4A-11D0-8D11-00A0C91BC942}") = "example_5c", "guide\example_5c\example_5c.vcxproj", "{408EE975-C2E3-4BEB-B296-1B41228181EF}"
EndProject
Project("{8BC9CEB8-8B4A-11D0-8D11-00A0C91BC942}") = "example_6c", "guide\example_6c\example_6c.vcxproj", "{BBBF7EE1-8CFC-4316-B68F-BE774AD42B6B}"
EndProject
Project("{8BC9CEB8-8B4A-11D0-8D11-00A0C91BC942}") = "example_7a", "guide\example_7a\example_7a.vcxproj", "{C5203060-D072-46EA-B978-2B6A005528B2}"
EndProject
Project("{8BC9CEB8-8B4A-11D0-8D11-00A0C91BC942}") = "http_server", "http_server\http_server.vcxproj", "{9BEB1A84-B72C-40D5-89FF-9B470758014C}"
EndProject
Project("{8BC9CEB8-8B4A-11D0-8D11-00A0C91BC942}") = "example_7b", "guide\example_7b\example_7b.vcxproj", "{4671521B-135B-425B-9CE9-20CB08BD99B0}"
EndProject
Project("{8BC9CEB8-8B4A-11D0-8D11-00A0C91BC942}") = "example_8a", "guide\example_8a\example_8a.vcxproj", "{06302862-DEF1-4F3D-BF4E-981D2AECC4E9}"
EndProject
Project("{8BC9CEB8-8B4A-11D0-8D11-00A0C91BC942}") = "example_9a", "guide\example_9a\example_9a.vcxproj", "{D7ECAA1B-A0B3-4C40-A716-582994DB781C}"
EndProject
Project("{8BC9CEB8-8B4A-11D0-8D11-00A0C91BC942}") = "example_9b", "guide\example_9b\example_9b.vcxproj", "{AE7122F4-8BB1-482D-817E-ACCDFDD8F1FB}"
EndProject
Project("{8BC9CEB8-8B4A-11D0-8D11-00A0C91BC942}") = "http_server_3", "http_server_3\http_server_3.vcxproj", "{DE6CFC34-119D-43F1-A030-518FE4F57EC5}"
EndProject
Project("{2150E333-8FDC-42A3-9474-1A3956D46DE8}") = "buffers", "buffers", "{7177CB55-09AE-4677-B24F-F92599F42B87}"
EndProject
Project("{8BC9CEB8-8B4A-11D0-8D11-00A0C91BC942}") = "reference_counted", "reference_counted\reference_counted.vcxproj", "{CAAF9869-96CB-45C7-BA5E-F887343DF863}"
EndProject
Project("{2150E333-8FDC-42A3-9474-1A3956D46DE8}") = "json_streaming", "json_streaming", "{CAB40DC9-F5CF-42F2-98A7-DDBE961B7D30}"
EndProject
Project("{8BC9CEB8-8B4A-11D0-8D11-00A0C91BC942}") = "json_server", "json_server\json_server.vcxproj", "{C132A44F-DC42-45F6-B2C5-1BA6365F9CB4}"
EndProject
Project("{8BC9CEB8-8B4A-11D0-8D11-00A0C91BC942}") = "json_client", "json_client\json_client.vcxproj", "{349D7457-2BBA-4C9B-9241-0BCC804BAA30}"
EndProject
Project("{2150E333-8FDC-42A3-9474-1A3956D46DE8}") = "serialization", "serialization", "{143E0135-124C-45B2-84D5-01EA7BB465E0}"
EndProject
Project("{8BC9CEB8-8B4A-11D0-8D11-00A0C91BC942}") = "serialization_client", "serialization\serialization_client\serialization_client.vcxproj", "{E0842ECD-5B9E-4D5D-96E3-E74799467867}"
EndProject
Project("{8BC9CEB8-8B4A-11D0-8D11-00A0C91BC942}") = "serialization_server", "serialization\serialization_server\serialization_server.vcxproj", "{28F4DA50-598B-4CCF-B54B-2621E91AD5A1}"
EndProject
Project("{2150E333-8FDC-42A3-9474-1A3956D46DE8}") = "json_serialization", "json_serialization", "{68421866-7F0A-4DEF-952D-542B18817472}"
EndProject
Project("{8BC9CEB8-8B4A-11D0-8D11-00A0C91BC942}") = "json_serialization_client", "json_serialization\json_serialization_client\json_serialization_client.vcxproj", "{E29F7C1C-7F24-4882-9CE8-DA1EFD5888C2}"
EndProject
Project("{8BC9CEB8-8B4A-11D0-8D11-00A0C91BC942}") = "json_serialization_server", "json_serialization\json_serialization_server\json_serialization_server.vcxproj", "{41E27EDA-2B4D-406B-960E-EE750FED2D87}"
EndProject
Project("{2150E333-8FDC-42A3-9474-1A3956D46DE8}") = "iostreams", "iostreams", "{46EA9863-5DB0-4C38-9E0B-FCE3AA1EA691}"
EndProject
Project("{8BC9CEB8-8B4A-11D0-8D11-00A0C91BC942}") = "iostream_server", "iostream_server\iostream_server.vcxproj", "{CA607DEE-42AA-47B0-A874-D76FAE759874}"
EndProject
Project("{8BC9CEB8-8B4A-11D0-8D11-00A0C91BC942}") = "iostream_client", "iostream_client\iostream_client.vcxproj", "{D1A1CE71-0749-4EAA-BC3D-5C99CCDF2FB6}"
EndProject
Project("{2150E333-8FDC-42A3-9474-1A3956D46DE8}") = "services", "services", "{7748900D-59F3-490E-B7DE-72DB01EA07B9}"
EndProject
Project("{8BC9CEB8-8B4A-11D0-8D11-00A0C91BC942}") = "logger_services", "logger_services\logger_services.vcxproj", "{5697146A-D477-488B-A546-9BB7D8E92FD5}"
EndProject
Project("{2150E333-8FDC-42A3-9474-1A3956D46DE8}") = "protocol_buffers", "protocol_buffers", "{20732AB8-ECC3-478A-9458-7AD3CE9F2D27}"
EndProject
Project("{8BC9CEB8-8B4A-11D0-8D11-00A0C91BC942}") = "asio_protobuf_sample", "asio_protobuf_sample\asio_protobuf_sample.vcxproj", "{78C7E2E1-9905-4040-8B1B-274C19B2633A}"
EndProject
Global
	GlobalSection(SolutionConfigurationPlatforms) = preSolution
		Debug|Win32 = Debug|Win32
		Debug|x64 = Debug|x64
		Release|Win32 = Release|Win32
		Release|x64 = Release|x64
	EndGlobalSection
	GlobalSection(ProjectConfigurationPlatforms) = postSolution
		{437F504C-8405-4576-92B0-1964C1ABB4EE}.Debug|Win32.ActiveCfg = Debug|Win32
		{437F504C-8405-4576-92B0-1964C1ABB4EE}.Debug|Win32.Build.0 = Debug|Win32
		{437F504C-8405-4576-92B0-1964C1ABB4EE}.Debug|x64.ActiveCfg = Debug|x64
		{437F504C-8405-4576-92B0-1964C1ABB4EE}.Debug|x64.Build.0 = Debug|x64
		{437F504C-8405-4576-92B0-1964C1ABB4EE}.Release|Win32.ActiveCfg = Release|Win32
		{437F504C-8405-4576-92B0-1964C1ABB4EE}.Release|Win32.Build.0 = Release|Win32
		{437F504C-8405-4576-92B0-1964C1ABB4EE}.Release|x64.ActiveCfg = Release|x64
		{437F504C-8405-4576-92B0-1964C1ABB4EE}.Release|x64.Build.0 = Release|x64
		{194F52A2-3611-4322-8B4F-1AAAB2575126}.Debug|Win32.ActiveCfg = Debug|Win32
		{194F52A2-3611-4322-8B4F-1AAAB2575126}.Debug|Win32.Build.0 = Debug|Win32
		{194F52A2-3611-4322-8B4F-1AAAB2575126}.Debug|x64.ActiveCfg = Debug|x64
		{194F52A2-3611-4322-8B4F-1AAAB2575126}.Debug|x64.Build.0 = Debug|x64
		{194F52A2-3611-4322-8B4F-1AAAB2575126}.Release|Win32.ActiveCfg = Release|Win32
		{194F52A2-3611-4322-8B4F-1AAAB2575126}.Release|Win32.Build.0 = Release|Win32
		{194F52A2-3611-4322-8B4F-1AAAB2575126}.Release|x64.ActiveCfg = Release|x64
		{194F52A2-3611-4322-8B4F-1AAAB2575126}.Release|x64.Build.0 = Release|x64
		{D13258A0-49E6-4884-9E09-CCFA6A9B6934}.Debug|Win32.ActiveCfg = Debug|Win32
		{D13258A0-49E6-4884-9E09-CCFA6A9B6934}.Debug|Win32.Build.0 = Debug|Win32
		{D13258A0-49E6-4884-9E09-CCFA6A9B6934}.Debug|x64.ActiveCfg = Debug|x64
		{D13258A0-49E6-4884-9E09-CCFA6A9B6934}.Debug|x64.Build.0 = Debug|x64
		{D13258A0-49E6-4884-9E09-CCFA6A9B6934}.Release|Win32.ActiveCfg = Release|Win32
		{D13258A0-49E6-4884-9E09-CCFA6A9B6934}.Release|Win32.Build.0 = Release|Win32
		{D13258A0-49E6-4884-9E09-CCFA6A9B6934}.Release|x64.ActiveCfg = Release|x64
		{D13258A0-49E6-4884-9E09-CCFA6A9B6934}.Release|x64.Build.0 = Release|x64
		{A5095ACF-7936-44D0-82DF-769D4099B04F}.Debug|Win32.ActiveCfg = Debug|Win32
		{A5095ACF-7936-44D0-82DF-769D4099B04F}.Debug|Win32.Build.0 = Debug|Win32
		{A5095ACF-7936-44D0-82DF-769D4099B04F}.Debug|x64.ActiveCfg = Debug|x64
		{A5095ACF-7936-44D0-82DF-769D4099B04F}.Debug|x64.Build.0 = Debug|x64
		{A5095ACF-7936-44D0-82DF-769D4099B04F}.Release|Win32.ActiveCfg = Release|Win32
		{A5095ACF-7936-44D0-82DF-769D4099B04F}.Release|Win32.Build.0 = Release|Win32
		{A5095ACF-7936-44D0-82DF-769D4099B04F}.Release|x64.ActiveCfg = Release|x64
		{A5095ACF-7936-44D0-82DF-769D4099B04F}.Release|x64.Build.0 = Release|x64
		{1D73B79A-57AB-4374-926F-CC3E6F185C32}.Debug|Win32.ActiveCfg = Debug|Win32
		{1D73B79A-57AB-4374-926F-CC3E6F185C32}.Debug|Win32.Build.0 = Debug|Win32
		{1D73B79A-57AB-4374-926F-CC3E6F185C32}.Debug|x64.ActiveCfg = Debug|Win32
		{1D73B79A-57AB-4374-926F-CC3E6F185C32}.Release|Win32.ActiveCfg = Release|Win32
		{1D73B79A-57AB-4374-926F-CC3E6F185C32}.Release|Win32.Build.0 = Release|Win32
		{1D73B79A-57AB-4374-926F-CC3E6F185C32}.Release|x64.ActiveCfg = Release|Win32
		{65866D76-A64D-46D8-81EB-E35340BAE973}.Debug|Win32.ActiveCfg = Debug|Win32
		{65866D76-A64D-46D8-81EB-E35340BAE973}.Debug|Win32.Build.0 = Debug|Win32
		{65866D76-A64D-46D8-81EB-E35340BAE973}.Debug|x64.ActiveCfg = Debug|Win32
		{65866D76-A64D-46D8-81EB-E35340BAE973}.Release|Win32.ActiveCfg = Release|Win32
		{65866D76-A64D-46D8-81EB-E35340BAE973}.Release|Win32.Build.0 = Release|Win32
		{65866D76-A64D-46D8-81EB-E35340BAE973}.Release|x64.ActiveCfg = Release|Win32
		{93B5997F-1D8A-4662-93A4-909FC0FCD303}.Debug|Win32.ActiveCfg = Debug|Win32
		{93B5997F-1D8A-4662-93A4-909FC0FCD303}.Debug|Win32.Build.0 = Debug|Win32
		{93B5997F-1D8A-4662-93A4-909FC0FCD303}.Debug|x64.ActiveCfg = Debug|Win32
		{93B5997F-1D8A-4662-93A4-909FC0FCD303}.Release|Win32.ActiveCfg = Release|Win32
		{93B5997F-1D8A-4662-93A4-909FC0FCD303}.Release|Win32.Build.0 = Release|Win32
		{93B5997F-1D8A-4662-93A4-909FC0FCD303}.Release|x64.ActiveCfg = Release|Win32
		{8F7DEF8A-15D7-41D0-9FB8-416168F4539F}.Debug|Win32.ActiveCfg = Debug|Win32
		{8F7DEF8A-15D7-41D0-9FB8-416168F4539F}.Debug|Win32.Build.0 = Debug|Win32
		{8F7DEF8A-15D7-41D0-9FB8-416168F4539F}.Debug|x64.ActiveCfg = Debug|Win32
		{8F7DEF8A-15D7-41D0-9FB8-416168F4539F}.Release|Win32.ActiveCfg = Release|Win32
		{8F7DEF8A-15D7-41D0-9FB8-416168F4539F}.Release|Win32.Build.0 = Release|Win32
		{8F7DEF8A-15D7-41D0-9FB8-416168F4539F}.Release|x64.ActiveCfg = Release|Win32
		{DF7AAABE-323E-4396-8E3D-DB0E1E2155F9}.Debug|Win32.ActiveCfg = Debug|Win32
		{DF7AAABE-323E-4396-8E3D-DB0E1E2155F9}.Debug|Win32.Build.0 = Debug|Win32
		{DF7AAABE-323E-4396-8E3D-DB0E1E2155F9}.Debug|x64.ActiveCfg = Debug|Win32
		{DF7AAABE-323E-4396-8E3D-DB0E1E2155F9}.Release|Win32.ActiveCfg = Release|Win32
		{DF7AAABE-323E-4396-8E3D-DB0E1E2155F9}.Release|Win32.Build.0 = Release|Win32
		{DF7AAABE-323E-4396-8E3D-DB0E1E2155F9}.Release|x64.ActiveCfg = Release|Win32
		{0D1B2DC3-4DAF-43EA-9DD4-9341C629EC54}.Debug|Win32.ActiveCfg = Debug|Win32
		{0D1B2DC3-4DAF-43EA-9DD4-9341C629EC54}.Debug|Win32.Build.0 = Debug|Win32
		{0D1B2DC3-4DAF-43EA-9DD4-9341C629EC54}.Debug|x64.ActiveCfg = Debug|Win32
		{0D1B2DC3-4DAF-43EA-9DD4-9341C629EC54}.Release|Win32.ActiveCfg = Release|Win32
		{0D1B2DC3-4DAF-43EA-9DD4-9341C629EC54}.Release|Win32.Build.0 = Release|Win32
		{0D1B2DC3-4DAF-43EA-9DD4-9341C629EC54}.Release|x64.ActiveCfg = Release|Win32
		{51AE3610-565F-42DD-A06D-C1E2856AE579}.Debug|Win32.ActiveCfg = Debug|Win32
		{51AE3610-565F-42DD-A06D-C1E2856AE579}.Debug|Win32.Build.0 = Debug|Win32
		{51AE3610-565F-42DD-A06D-C1E2856AE579}.Debug|x64.ActiveCfg = Debug|Win32
		{51AE3610-565F-42DD-A06D-C1E2856AE579}.Release|Win32.ActiveCfg = Release|Win32
		{51AE3610-565F-42DD-A06D-C1E2856AE579}.Release|Win32.Build.0 = Release|Win32
		{51AE3610-565F-42DD-A06D-C1E2856AE579}.Release|x64.ActiveCfg = Release|Win32
		{54D85B34-6456-491D-A497-392D5469C228}.Debug|Win32.ActiveCfg = Debug|Win32
		{54D85B34-6456-491D-A497-392D5469C228}.Debug|Win32.Build.0 = Debug|Win32
		{54D85B34-6456-491D-A497-392D5469C228}.Debug|x64.ActiveCfg = Debug|Win32
		{54D85B34-6456-491D-A497-392D5469C228}.Release|Win32.ActiveCfg = Release|Win32
		{54D85B34-6456-491D-A497-392D5469C228}.Release|Win32.Build.0 = Release|Win32
		{54D85B34-6456-491D-A497-392D5469C228}.Release|x64.ActiveCfg = Release|Win32
		{37B52FDC-63D9-418C-A1B9-FD1F596B2BA9}.Debug|Win32.ActiveCfg = Debug|Win32
		{37B52FDC-63D9-418C-A1B9-FD1F596B2BA9}.Debug|Win32.Build.0 = Debug|Win32
		{37B52FDC-63D9-418C-A1B9-FD1F596B2BA9}.Debug|x64.ActiveCfg = Debug|Win32
		{37B52FDC-63D9-418C-A1B9-FD1F596B2BA9}.Debug|x64.Build.0 = Debug|Win32
		{37B52FDC-63D9-418C-A1B9-FD1F596B2BA9}.Release|Win32.ActiveCfg = Release|Win32
		{37B52FDC-63D9-418C-A1B9-FD1F596B2BA9}.Release|Win32.Build.0 = Release|Win32
		{37B52FDC-63D9-418C-A1B9-FD1F596B2BA9}.Release|x64.ActiveCfg = Release|Win32
		{161FDAAA-600F-4271-8BA2-A840BD13C9A3}.Debug|Win32.ActiveCfg = Debug|Win32
		{161FDAAA-600F-4271-8BA2-A840BD13C9A3}.Debug|Win32.Build.0 = Debug|Win32
		{161FDAAA-600F-4271-8BA2-A840BD13C9A3}.Debug|x64.ActiveCfg = Debug|Win32
		{161FDAAA-600F-4271-8BA2-A840BD13C9A3}.Release|Win32.ActiveCfg = Release|Win32
		{161FDAAA-600F-4271-8BA2-A840BD13C9A3}.Release|Win32.Build.0 = Release|Win32
		{161FDAAA-600F-4271-8BA2-A840BD13C9A3}.Release|x64.ActiveCfg = Release|Win32
		{3C81197B-EDD3-4184-B411-D3E78508E14B}.Debug|Win32.ActiveCfg = Debug|Win32
		{3C81197B-EDD3-4184-B411-D3E78508E14B}.Debug|Win32.Build.0 = Debug|Win32
		{3C81197B-EDD3-4184-B411-D3E78508E14B}.Debug|x64.ActiveCfg = Debug|Win32
		{3C81197B-EDD3-4184-B411-D3E78508E14B}.Release|Win32.ActiveCfg = Release|Win32
		{3C81197B-EDD3-4184-B411-D3E78508E14B}.Release|Win32.Build.0 = Release|Win32
		{3C81197B-EDD3-4184-B411-D3E78508E14B}.Release|x64.ActiveCfg = Release|Win32
		{89BDA3EA-04CF-43BF-B19F-F047FD4403E5}.Debug|Win32.ActiveCfg = Debug|Win32
		{89BDA3EA-04CF-43BF-B19F-F047FD4403E5}.Debug|Win32.Build.0 = Debug|Win32
		{89BDA3EA-04CF-43BF-B19F-F047FD4403E5}.Debug|x64.ActiveCfg = Debug|Win32
		{89BDA3EA-04CF-43BF-B19F-F047FD4403E5}.Release|Win32.ActiveCfg = Release|Win32
		{89BDA3EA-04CF-43BF-B19F-F047FD4403E5}.Release|Win32.Build.0 = Release|Win32
		{89BDA3EA-04CF-43BF-B19F-F047FD4403E5}.Release|x64.ActiveCfg = Release|Win32
		{889DF1D9-92AD-45C5-806A-AA96DB7380DF}.Debug|Win32.ActiveCfg = Debug|Win32
		{889DF1D9-92AD-45C5-806A-AA96DB7380DF}.Debug|Win32.Build.0 = Debug|Win32
		{889DF1D9-92AD-45C5-806A-AA96DB7380DF}.Debug|x64.ActiveCfg = Debug|Win32
		{889DF1D9-92AD-45C5-806A-AA96DB7380DF}.Release|Win32.ActiveCfg = Release|Win32
		{889DF1D9-92AD-45C5-806A-AA96DB7380DF}.Release|Win32.Build.0 = Release|Win32
		{889DF1D9-92AD-45C5-806A-AA96DB7380DF}.Release|x64.ActiveCfg = Release|Win32
		{DB781BD5-CA3B-48E3-8E78-7D583CAE6EF8}.Debug|Win32.ActiveCfg = Debug|Win32
		{DB781BD5-CA3B-48E3-8E78-7D583CAE6EF8}.Debug|Win32.Build.0 = Debug|Win32
		{DB781BD5-CA3B-48E3-8E78-7D583CAE6EF8}.Debug|x64.ActiveCfg = Debug|Win32
		{DB781BD5-CA3B-48E3-8E78-7D583CAE6EF8}.Release|Win32.ActiveCfg = Release|Win32
		{DB781BD5-CA3B-48E3-8E78-7D583CAE6EF8}.Release|Win32.Build.0 = Release|Win32
		{DB781BD5-CA3B-48E3-8E78-7D583CAE6EF8}.Release|x64.ActiveCfg = Release|Win32
		{8DCC7297-6409-4D81-9492-6950968EBB46}.Debug|Win32.ActiveCfg = Debug|Win32
		{8DCC7297-6409-4D81-9492-6950968EBB46}.Debug|Win32.Build.0 = Debug|Win32
		{8DCC7297-6409-4D81-9492-6950968EBB46}.Debug|x64.ActiveCfg = Debug|Win32
		{8DCC7297-6409-4D81-9492-6950968EBB46}.Release|Win32.ActiveCfg = Release|Win32
		{8DCC7297-6409-4D81-9492-6950968EBB46}.Release|Win32.Build.0 = Release|Win32
		{8DCC7297-6409-4D81-9492-6950968EBB46}.Release|x64.ActiveCfg = Release|Win32
		{34523D49-9439-4216-8B7D-FB84FA095589}.Debug|Win32.ActiveCfg = Debug|Win32
		{34523D49-9439-4216-8B7D-FB84FA095589}.Debug|Win32.Build.0 = Debug|Win32
		{34523D49-9439-4216-8B7D-FB84FA095589}.Debug|x64.ActiveCfg = Debug|Win32
		{34523D49-9439-4216-8B7D-FB84FA095589}.Release|Win32.ActiveCfg = Release|Win32
		{34523D49-9439-4216-8B7D-FB84FA095589}.Release|Win32.Build.0 = Release|Win32
		{34523D49-9439-4216-8B7D-FB84FA095589}.Release|x64.ActiveCfg = Release|Win32
		{30CBFF59-6B5B-4B23-89AF-52BE697970FA}.Debug|Win32.ActiveCfg = Debug|Win32
		{30CBFF59-6B5B-4B23-89AF-52BE697970FA}.Debug|Win32.Build.0 = Debug|Win32
		{30CBFF59-6B5B-4B23-89AF-52BE697970FA}.Debug|x64.ActiveCfg = Debug|Win32
		{30CBFF59-6B5B-4B23-89AF-52BE697970FA}.Release|Win32.ActiveCfg = Release|Win32
		{30CBFF59-6B5B-4B23-89AF-52BE697970FA}.Release|Win32.Build.0 = Release|Win32
		{30CBFF59-6B5B-4B23-89AF-52BE697970FA}.Release|x64.ActiveCfg = Release|Win32
		{A11AC313-7045-4726-8CEC-48F2439BD9E6}.Debug|Win32.ActiveCfg = Debug|Win32
		{A11AC313-7045-4726-8CEC-48F2439BD9E6}.Debug|Win32.Build.0 = Debug|Win32
		{A11AC313-7045-4726-8CEC-48F2439BD9E6}.Debug|x64.ActiveCfg = Debug|Win32
		{A11AC313-7045-4726-8CEC-48F2439BD9E6}.Release|Win32.ActiveCfg = Release|Win32
		{A11AC313-7045-4726-8CEC-48F2439BD9E6}.Release|Win32.Build.0 = Release|Win32
		{A11AC313-7045-4726-8CEC-48F2439BD9E6}.Release|x64.ActiveCfg = Release|Win32
		{7ACBCCFF-4E24-4E99-B873-E3AE2CDECCF5}.Debug|Win32.ActiveCfg = Debug|Win32
		{7ACBCCFF-4E24-4E99-B873-E3AE2CDECCF5}.Debug|Win32.Build.0 = Debug|Win32
		{7ACBCCFF-4E24-4E99-B873-E3AE2CDECCF5}.Debug|x64.ActiveCfg = Debug|Win32
		{7ACBCCFF-4E24-4E99-B873-E3AE2CDECCF5}.Release|Win32.ActiveCfg = Release|Win32
		{7ACBCCFF-4E24-4E99-B873-E3AE2CDECCF5}.Release|Win32.Build.0 = Release|Win32
		{7ACBCCFF-4E24-4E99-B873-E3AE2CDECCF5}.Release|x64.ActiveCfg = Release|Win32
		{7B4A0CCF-0BFB-498C-9D67-EB73B6A9296A}.Debug|Win32.ActiveCfg = Debug|Win32
		{7B4A0CCF-0BFB-498C-9D67-EB73B6A9296A}.Debug|Win32.Build.0 = Debug|Win32
		{7B4A0CCF-0BFB-498C-9D67-EB73B6A9296A}.Debug|x64.ActiveCfg = Debug|Win32
		{7B4A0CCF-0BFB-498C-9D67-EB73B6A9296A}.Release|Win32.ActiveCfg = Release|Win32
		{7B4A0CCF-0BFB-498C-9D67-EB73B6A9296A}.Release|Win32.Build.0 = Release|Win32
		{7B4A0CCF-0BFB-498C-9D67-EB73B6A9296A}.Release|x64.ActiveCfg = Release|Win32
		{54C9FBF5-5475-47C6-9C61-3461AE3B7D7B}.Debug|Win32.ActiveCfg = Debug|Win32
		{54C9FBF5-5475-47C6-9C61-3461AE3B7D7B}.Debug|Win32.Build.0 = Debug|Win32
		{54C9FBF5-5475-47C6-9C61-3461AE3B7D7B}.Debug|x64.ActiveCfg = Debug|Win32
		{54C9FBF5-5475-47C6-9C61-3461AE3B7D7B}.Release|Win32.ActiveCfg = Release|Win32
		{54C9FBF5-5475-47C6-9C61-3461AE3B7D7B}.Release|Win32.Build.0 = Release|Win32
		{54C9FBF5-5475-47C6-9C61-3461AE3B7D7B}.Release|x64.ActiveCfg = Release|Win32
		{408EE975-C2E3-4BEB-B296-1B41228181EF}.Debug|Win32.ActiveCfg = Debug|Win32
		{408EE975-C2E3-4BEB-B296-1B41228181EF}.Debug|Win32.Build.0 = Debug|Win32
		{408EE975-C2E3-4BEB-B296-1B41228181EF}.Debug|x64.ActiveCfg = Debug|Win32
		{408EE975-C2E3-4BEB-B296-1B41228181EF}.Release|Win32.ActiveCfg = Release|Win32
		{408EE975-C2E3-4BEB-B296-1B41228181EF}.Release|Win32.Build.0 = Release|Win32
		{408EE975-C2E3-4BEB-B296-1B41228181EF}.Release|x64.ActiveCfg = Release|Win32
		{BBBF7EE1-8CFC-4316-B68F-BE774AD42B6B}.Debug|Win32.ActiveCfg = Debug|Win32
		{BBBF7EE1-8CFC-4316-B68F-BE774AD42B6B}.Debug|Win32.Build.0 = Debug|Win32
		{BBBF7EE1-8CFC-4316-B68F-BE774AD42B6B}.Debug|x64.ActiveCfg = Debug|Win32
		{BBBF7EE1-8CFC-4316-B68F-BE774AD42B6B}.Release|Win32.ActiveCfg = Release|Win32
		{BBBF7EE1-8CFC-4316-B68F-BE774AD42B6B}.Release|Win32.Build.0 = Release|Win32
		{BBBF7EE1-8CFC-4316-B68F-BE774AD42B6B}.Release|x64.ActiveCfg = Release|Win32
		{C5203060-D072-46EA-B978-2B6A005528B2}.Debug|Win32.ActiveCfg = Debug|Win32
		{C5203060-D072-46EA-B978-2B6A005528B2}.Debug|Win32.Build.0 = Debug|Win32
		{C5203060-D072-46EA-B978-2B6A005528B2}.Debug|x64.ActiveCfg = Debug|Win32
		{C5203060-D072-46EA-B978-2B6A005528B2}.Release|Win32.ActiveCfg = Release|Win32
		{C5203060-D072-46EA-B978-2B6A005528B2}.Release|Win32.Build.0 = Release|Win32
		{C5203060-D072-46EA-B978-2B6A005528B2}.Release|x64.ActiveCfg = Release|Win32
		{9BEB1A84-B72C-40D5-89FF-9B470758014C}.Debug|Win32.ActiveCfg = Debug|Win32
		{9BEB1A84-B72C-40D5-89FF-9B470758014C}.Debug|Win32.Build.0 = Debug|Win32
		{9BEB1A84-B72C-40D5-89FF-9B470758014C}.Debug|x64.ActiveCfg = Debug|Win32
		{9BEB1A84-B72C-40D5-89FF-9B470758014C}.Release|Win32.ActiveCfg = Release|Win32
		{9BEB1A84-B72C-40D5-89FF-9B470758014C}.Release|Win32.Build.0 = Release|Win32
		{9BEB1A84-B72C-40D5-89FF-9B470758014C}.Release|x64.ActiveCfg = Release|Win32
		{4671521B-135B-425B-9CE9-20CB08BD99B0}.Debug|Win32.ActiveCfg = Debug|Win32
		{4671521B-135B-425B-9CE9-20CB08BD99B0}.Debug|Win32.Build.0 = Debug|Win32
		{4671521B-135B-425B-9CE9-20CB08BD99B0}.Debug|x64.ActiveCfg = Debug|Win32
		{4671521B-135B-425B-9CE9-20CB08BD99B0}.Release|Win32.ActiveCfg = Release|Win32
		{4671521B-135B-425B-9CE9-20CB08BD99B0}.Release|Win32.Build.0 = Release|Win32
		{4671521B-135B-425B-9CE9-20CB08BD99B0}.Release|x64.ActiveCfg = Release|Win32
		{06302862-DEF1-4F3D-BF4E-981D2AECC4E9}.Debug|Win32.ActiveCfg = Debug|Win32
		{06302862-DEF1-4F3D-BF4E-981D2AECC4E9}.Debug|Win32.Build.0 = Debug|Win32
		{06302862-DEF1-4F3D-BF4E-981D2AECC4E9}.Debug|x64.ActiveCfg = Debug|Win32
		{06302862-DEF1-4F3D-BF4E-981D2AECC4E9}.Release|Win32.ActiveCfg = Release|Win32
		{06302862-DEF1-4F3D-BF4E-981D2AECC4E9}.Release|Win32.Build.0 = Release|Win32
		{06302862-DEF1-4F3D-BF4E-981D2AECC4E9}.Release|x64.ActiveCfg = Release|Win32
		{D7ECAA1B-A0B3-4C40-A716-582994DB781C}.Debug|Win32.ActiveCfg = Debug|Win32
		{D7ECAA1B-A0B3-4C40-A716-582994DB781C}.Debug|Win32.Build.0 = Debug|Win32
		{D7ECAA1B-A0B3-4C40-A716-582994DB781C}.Debug|x64.ActiveCfg = Debug|Win32
		{D7ECAA1B-A0B3-4C40-A716-582994DB781C}.Release|Win32.ActiveCfg = Release|Win32
		{D7ECAA1B-A0B3-4C40-A716-582994DB781C}.Release|Win32.Build.0 = Release|Win32
		{D7ECAA1B-A0B3-4C40-A716-582994DB781C}.Release|x64.ActiveCfg = Release|Win32
		{AE7122F4-8BB1-482D-817E-ACCDFDD8F1FB}.Debug|Win32.ActiveCfg = Debug|Win32
		{AE7122F4-8BB1-482D-817E-ACCDFDD8F1FB}.Debug|Win32.Build.0 = Debug|Win32
		{AE7122F4-8BB1-482D-817E-ACCDFDD8F1FB}.Debug|x64.ActiveCfg = Debug|Win32
		{AE7122F4-8BB1-482D-817E-ACCDFDD8F1FB}.Release|Win32.ActiveCfg = Release|Win32
		{AE7122F4-8BB1-482D-817E-ACCDFDD8F1FB}.Release|Win32.Build.0 = Release|Win32
		{AE7122F4-8BB1-482D-817E-ACCDFDD8F1FB}.Release|x64.ActiveCfg = Release|Win32
		{DE6CFC34-119D-43F1-A030-518FE4F57EC5}.Debug|Win32.ActiveCfg = Debug|Win32
		{DE6CFC34-119D-43F1-A030-518FE4F57EC5}.Debug|Win32.Build.0 = Debug|Win32
		{DE6CFC34-119D-43F1-A030-518FE4F57EC5}.Debug|x64.ActiveCfg = Debug|Win32
		{DE6CFC34-119D-43F1-A030-518FE4F57EC5}.Release|Win32.ActiveCfg = Release|Win32
		{DE6CFC34-119D-43F1-A030-518FE4F57EC5}.Release|Win32.Build.0 = Release|Win32
		{DE6CFC34-119D-43F1-A030-518FE4F57EC5}.Release|x64.ActiveCfg = Release|Win32
		{CAAF9869-96CB-45C7-BA5E-F887343DF863}.Debug|Win32.ActiveCfg = Debug|Win32
		{CAAF9869-96CB-45C7-BA5E-F887343DF863}.Debug|Win32.Build.0 = Debug|Win32
		{CAAF9869-96CB-45C7-BA5E-F887343DF863}.Debug|x64.ActiveCfg = Debug|Win32
		{CAAF9869-96CB-45C7-BA5E-F887343DF863}.Release|Win32.ActiveCfg = Release|Win32
		{CAAF9869-96CB-45C7-BA5E-F887343DF863}.Release|Win32.Build.0 = Release|Win32
		{CAAF9869-96CB-45C7-BA5E-F887343DF863}.Release|x64.ActiveCfg = Release|Win32
		{C132A44F-DC42-45F6-B2C5-1BA6365F9CB4}.Debug|Win32.ActiveCfg = Debug|Win32
		{C132A44F-DC42-45F6-B2C5-1BA6365F9CB4}.Debug|Win32.Build.0 = Debug|Win32
		{C132A44F-DC42-45F6-B2C5-1BA6365F9CB4}.Debug|x64.ActiveCfg = Debug|Win32
		{C132A44F-DC42-45F6-B2C5-1BA6365F9CB4}.Debug|x64.Build.0 = Debug|Win32
		{C132A44F-DC42-45F6-B2C5-1BA6365F9CB4}.Release|Win32.ActiveCfg = Release|Win32
		{C132A44F-DC42-45F6-B2C5-1BA6365F9CB4}.Release|Win32.Build.0 = Release|Win32
		{C132A44F-DC42-45F6-B2C5-1BA6365F9CB4}.Release|x64.ActiveCfg = Release|Win32
		{349D7457-2BBA-4C9B-9241-0BCC804BAA30}.Debug|Win32.ActiveCfg = Debug|Win32
		{349D7457-2BBA-4C9B-9241-0BCC804BAA30}.Debug|Win32.Build.0 = Debug|Win32
		{349D7457-2BBA-4C9B-9241-0BCC804BAA30}.Debug|x64.ActiveCfg = Debug|Win32
		{349D7457-2BBA-4C9B-9241-0BCC804BAA30}.Release|Win32.ActiveCfg = Release|Win32
		{349D7457-2BBA-4C9B-9241-0BCC804BAA30}.Release|Win32.Build.0 = Release|Win32
		{349D7457-2BBA-4C9B-9241-0BCC804BAA30}.Release|x64.ActiveCfg = Release|Win32
		{E0842ECD-5B9E-4D5D-96E3-E74799467867}.Debug|Win32.ActiveCfg = Debug|Win32
		{E0842ECD-5B9E-4D5D-96E3-E74799467867}.Debug|Win32.Build.0 = Debug|Win32
		{E0842ECD-5B9E-4D5D-96E3-E74799467867}.Debug|x64.ActiveCfg = Debug|Win32
		{E0842ECD-5B9E-4D5D-96E3-E74799467867}.Release|Win32.ActiveCfg = Release|Win32
		{E0842ECD-5B9E-4D5D-96E3-E74799467867}.Release|Win32.Build.0 = Release|Win32
		{E0842ECD-5B9E-4D5D-96E3-E74799467867}.Release|x64.ActiveCfg = Release|Win32
		{28F4DA50-598B-4CCF-B54B-2621E91AD5A1}.Debug|Win32.ActiveCfg = Debug|Win32
		{28F4DA50-598B-4CCF-B54B-2621E91AD5A1}.Debug|Win32.Build.0 = Debug|Win32
		{28F4DA50-598B-4CCF-B54B-2621E91AD5A1}.Debug|x64.ActiveCfg = Debug|Win32
		{28F4DA50-598B-4CCF-B54B-2621E91AD5A1}.Release|Win32.ActiveCfg = Release|Win32
		{28F4DA50-598B-4CCF-B54B-2621E91AD5A1}.Release|Win32.Build.0 = Release|Win32
		{28F4DA50-598B-4CCF-B54B-2621E91AD5A1}.Release|x64.ActiveCfg = Release|Win32
		{E29F7C1C-7F24-4882-9CE8-DA1EFD5888C2}.Debug|Win32.ActiveCfg = Debug|Win32
		{E29F7C1C-7F24-4882-9CE8-DA1EFD5888C2}.Debug|Win32.Build.0 = Debug|Win32
		{E29F7C1C-7F24-4882-9CE8-DA1EFD5888C2}.Debug|x64.ActiveCfg = Debug|Win32
		{E29F7C1C-7F24-4882-9CE8-DA1EFD5888C2}.Release|Win32.ActiveCfg = Release|Win32
		{E29F7C1C-7F24-4882-9CE8-DA1EFD5888C2}.Release|Win32.Build.0 = Release|Win32
		{E29F7C1C-7F24-4882-9CE8-DA1EFD5888C2}.Release|x64.ActiveCfg = Release|Win32
		{41E27EDA-2B4D-406B-960E-EE750FED2D87}.Debug|Win32.ActiveCfg = Debug|Win32
		{41E27EDA-2B4D-406B-960E-EE750FED2D87}.Debug|Win32.Build.0 = Debug|Win32
		{41E27EDA-2B4D-406B-960E-EE750FED2D87}.Debug|x64.ActiveCfg = Debug|Win32
		{41E27EDA-2B4D-406B-960E-EE750FED2D87}.Debug|x64.Build.0 = Debug|Win32
		{41E27EDA-2B4D-406B-960E-EE750FED2D87}.Release|Win32.ActiveCfg = Release|Win32
		{41E27EDA-2B4D-406B-960E-EE750FED2D87}.Release|Win32.Build.0 = Release|Win32
		{41E27EDA-2B4D-406B-960E-EE750FED2D87}.Release|x64.ActiveCfg = Release|Win32
		{CA607DEE-42AA-47B0-A874-D76FAE759874}.Debug|Win32.ActiveCfg = Debug|Win32
		{CA607DEE-42AA-47B0-A874-D76FAE759874}.Debug|Win32.Build.0 = Debug|Win32
		{CA607DEE-42AA-47B0-A874-D76FAE759874}.Debug|x64.ActiveCfg = Debug|Win32
		{CA607DEE-42AA-47B0-A874-D76FAE759874}.Release|Win32.ActiveCfg = Release|Win32
		{CA607DEE-42AA-47B0-A874-D76FAE759874}.Release|Win32.Build.0 = Release|Win32
		{CA607DEE-42AA-47B0-A874-D76FAE759874}.Release|x64.ActiveCfg = Release|Win32
		{D1A1CE71-0749-4EAA-BC3D-5C99CCDF2FB6}.Debug|Win32.ActiveCfg = Debug|Win32
		{D1A1CE71-0749-4EAA-BC3D-5C99CCDF2FB6}.Debug|Win32.Build.0 = Debug|Win32
		{D1A1CE71-0749-4EAA-BC3D-5C99CCDF2FB6}.Debug|x64.ActiveCfg = Debug|Win32
		{D1A1CE71-0749-4EAA-BC3D-5C99CCDF2FB6}.Release|Win32.ActiveCfg = Release|Win32
		{D1A1CE71-0749-4EAA-BC3D-5C99CCDF2FB6}.Release|Win32.Build.0 = Release|Win32
		{D1A1CE71-0749-4EAA-BC3D-5C99CCDF2FB6}.Release|x64.ActiveCfg = Release|Win32
		{5697146A-D477-488B-A546-9BB7D8E92FD5}.Debug|Win32.ActiveCfg = Debug|Win32
		{5697146A-D477-488B-A546-9BB7D8E92FD5}.Debug|Win32.Build.0 = Debug|Win32
		{5697146A-D477-488B-A546-9BB7D8E92FD5}.Debug|x64.ActiveCfg = Debug|Win32
		{5697146A-D477-488B-A546-9BB7D8E92FD5}.Release|Win32.ActiveCfg = Release|Win32
		{5697146A-D477-488B-A546-9BB7D8E92FD5}.Release|Win32.Build.0 = Release|Win32
		{5697146A-D477-488B-A546-9BB7D8E92FD5}.Release|x64.ActiveCfg = Release|Win32
		{78C7E2E1-9905-4040-8B1B-274C19B2633A}.Debug|Win32.ActiveCfg = Debug|Win32
		{78C7E2E1-9905-4040-8B1B-274C19B2633A}.Debug|Win32.Build.0 = Debug|Win32
		{78C7E2E1-9905-4040-8B1B-274C19B2633A}.Debug|x64.ActiveCfg = Debug|Win32
		{78C7E2E1-9905-4040-8B1B-274C19B2633A}.Release|Win32.ActiveCfg = Release|Win32
		{78C7E2E1-9905-4040-8B1B-274C19B2633A}.Release|Win32.Build.0 = Release|Win32
		{78C7E2E1-9905-4040-8B1B-274C19B2633A}.Release|x64.ActiveCfg = Release|Win32
	EndGlobalSection
	GlobalSection(SolutionProperties) = preSolution
		HideSolutionNode = FALSE
	EndGlobalSection
	GlobalSection(NestedProjects) = preSolution
		{0D1B2DC3-4DAF-43EA-9DD4-9341C629EC54} = {970241ED-2542-40A9-B564-EE00ED7D3CA1}
		{51AE3610-565F-42DD-A06D-C1E2856AE579} = {970241ED-2542-40A9-B564-EE00ED7D3CA1}
		{54D85B34-6456-491D-A497-392D5469C228} = {1BD6DE41-5D24-4C82-A33A-F0537BCD5D94}
		{37B52FDC-63D9-418C-A1B9-FD1F596B2BA9} = {1BD6DE41-5D24-4C82-A33A-F0537BCD5D94}
		{DF7AAABE-323E-4396-8E3D-DB0E1E2155F9} = {46EA9863-5DB0-4C38-9E0B-FCE3AA1EA691}
		{8F7DEF8A-15D7-41D0-9FB8-416168F4539F} = {46EA9863-5DB0-4C38-9E0B-FCE3AA1EA691}
		{CA607DEE-42AA-47B0-A874-D76FAE759874} = {46EA9863-5DB0-4C38-9E0B-FCE3AA1EA691}
		{D1A1CE71-0749-4EAA-BC3D-5C99CCDF2FB6} = {46EA9863-5DB0-4C38-9E0B-FCE3AA1EA691}
		{161FDAAA-600F-4271-8BA2-A840BD13C9A3} = {A5BE2639-27EA-43A8-92C6-3AF7A8B470C0}
		{3C81197B-EDD3-4184-B411-D3E78508E14B} = {A5BE2639-27EA-43A8-92C6-3AF7A8B470C0}
		{89BDA3EA-04CF-43BF-B19F-F047FD4403E5} = {6B8EB74E-A14E-4F41-A870-07CFB380964B}
		{889DF1D9-92AD-45C5-806A-AA96DB7380DF} = {6B8EB74E-A14E-4F41-A870-07CFB380964B}
		{9BEB1A84-B72C-40D5-89FF-9B470758014C} = {6B8EB74E-A14E-4F41-A870-07CFB380964B}
		{DE6CFC34-119D-43F1-A030-518FE4F57EC5} = {6B8EB74E-A14E-4F41-A870-07CFB380964B}
		{DB781BD5-CA3B-48E3-8E78-7D583CAE6EF8} = {D0580C01-A15A-4670-AE21-A4157BDC0FBF}
		{8DCC7297-6409-4D81-9492-6950968EBB46} = {D0580C01-A15A-4670-AE21-A4157BDC0FBF}
		{34523D49-9439-4216-8B7D-FB84FA095589} = {D0580C01-A15A-4670-AE21-A4157BDC0FBF}
		{30CBFF59-6B5B-4B23-89AF-52BE697970FA} = {D0580C01-A15A-4670-AE21-A4157BDC0FBF}
		{A11AC313-7045-4726-8CEC-48F2439BD9E6} = {D0580C01-A15A-4670-AE21-A4157BDC0FBF}
		{7ACBCCFF-4E24-4E99-B873-E3AE2CDECCF5} = {D0580C01-A15A-4670-AE21-A4157BDC0FBF}
		{7B4A0CCF-0BFB-498C-9D67-EB73B6A9296A} = {D0580C01-A15A-4670-AE21-A4157BDC0FBF}
		{54C9FBF5-5475-47C6-9C61-3461AE3B7D7B} = {D0580C01-A15A-4670-AE21-A4157BDC0FBF}
		{408EE975-C2E3-4BEB-B296-1B41228181EF} = {D0580C01-A15A-4670-AE21-A4157BDC0FBF}
		{BBBF7EE1-8CFC-4316-B68F-BE774AD42B6B} = {D0580C01-A15A-4670-AE21-A4157BDC0FBF}
		{C5203060-D072-46EA-B978-2B6A005528B2} = {D0580C01-A15A-4670-AE21-A4157BDC0FBF}
		{4671521B-135B-425B-9CE9-20CB08BD99B0} = {D0580C01-A15A-4670-AE21-A4157BDC0FBF}
		{06302862-DEF1-4F3D-BF4E-981D2AECC4E9} = {D0580C01-A15A-4670-AE21-A4157BDC0FBF}
		{D7ECAA1B-A0B3-4C40-A716-582994DB781C} = {D0580C01-A15A-4670-AE21-A4157BDC0FBF}
		{AE7122F4-8BB1-482D-817E-ACCDFDD8F1FB} = {D0580C01-A15A-4670-AE21-A4157BDC0FBF}
		{CAAF9869-96CB-45C7-BA5E-F887343DF863} = {7177CB55-09AE-4677-B24F-F92599F42B87}
		{C132A44F-DC42-45F6-B2C5-1BA6365F9CB4} = {CAB40DC9-F5CF-42F2-98A7-DDBE961B7D30}
		{349D7457-2BBA-4C9B-9241-0BCC804BAA30} = {CAB40DC9-F5CF-42F2-98A7-DDBE961B7D30}
		{E0842ECD-5B9E-4D5D-96E3-E74799467867} = {143E0135-124C-45B2-84D5-01EA7BB465E0}
		{28F4DA50-598B-4CCF-B54B-2621E91AD5A1} = {143E0135-124C-45B2-84D5-01EA7BB465E0}
		{E29F7C1C-7F24-4882-9CE8-DA1EFD5888C2} = {68421866-7F0A-4DEF-952D-542B18817472}
		{41E27EDA-2B4D-406B-960E-EE750FED2D87} = {68421866-7F0A-4DEF-952D-542B18817472}
		{5697146A-D477-488B-A546-9BB7D8E92FD5} = {7748900D-59F3-490E-B7DE-72DB01EA07B9}
		{78C7E2E1-9905-4040-8B1B-274C19B2633A} = {20732AB8-ECC3-478A-9458-7AD3CE9F2D27}
	EndGlobalSection
EndGlobal
