
Microsoft Visual Studio Solution File, Format Version 11.00
# Visual Studio 2010
Project("{2150E333-8FDC-42A3-9474-1A3956D46DE8}") = "Iterators", "Iterators", "{BFCCAE96-1CBC-4E00-A70E-BEDC03C1D786}"
EndProject
Project("{2150E333-8FDC-42A3-9474-1A3956D46DE8}") = "Functors", "Functors", "{B87E6624-8B35-46DB-8F14-A088DCB43D88}"
EndProject
Project("{2150E333-8FDC-42A3-9474-1A3956D46DE8}") = "Vector And String", "Vector And String", "{31FADB91-B21B-4604-9082-D16CBA932312}"
EndProject
Project("{2150E333-8FDC-42A3-9474-1A3956D46DE8}") = "Containers", "Containers", "{DFF25541-C044-4E3D-ACD0-3DE61605BD56}"
EndProject
Project("{2150E333-8FDC-42A3-9474-1A3956D46DE8}") = "Algorithms", "Algorithms", "{1379C02C-0D7B-41CD-9CD9-FB1357E73121}"
EndProject
Project("{8BC9CEB8-8B4A-11D0-8D11-00A0C91BC942}") = "item_38", "item_38\item_38.vcxproj", "{3F289A7A-4FC4-4115-B8AB-DF3AFEA9AB7F}"
EndProject
Project("{8BC9CEB8-8B4A-11D0-8D11-00A0C91BC942}") = "item_39", "item_39\item_39.vcxproj", "{07192714-19C3-4277-852E-0871A8FC9AB6}"
EndProject
Project("{8BC9CEB8-8B4A-11D0-8D11-00A0C91BC942}") = "item_40", "item_40\item_40.vcxproj", "{0F23E5B9-49E8-4AA1-9FF5-A9B770DC66AB}"
EndProject
Project("{8BC9CEB8-8B4A-11D0-8D11-00A0C91BC942}") = "item_26", "item_26\item_26.vcxproj", "{B3AC3CED-4170-4AFC-B0B5-A81F09E2F0DE}"
EndProject
Project("{8BC9CEB8-8B4A-11D0-8D11-00A0C91BC942}") = "item_12", "item_12\item_12.vcxproj", "{4FFDE063-BE1A-4197-8FD2-264E98CB9AFF}"
EndProject
Project("{8BC9CEB8-8B4A-11D0-8D11-00A0C91BC942}") = "item_14", "item_14\item_14.vcxproj", "{020EB5D0-3A1A-490F-B8DD-3CC305865E67}"
EndProject
Project("{8BC9CEB8-8B4A-11D0-8D11-00A0C91BC942}") = "item_30", "item_30\item_30.vcxproj", "{A9B83F49-11BB-48E5-ACB8-3E7DD308682A}"
EndProject
Project("{8BC9CEB8-8B4A-11D0-8D11-00A0C91BC942}") = "item_37", "item_37\item_37.vcxproj", "{A77AE85C-2BA8-4387-89D3-E58D8B221B90}"
EndProject
Project("{8BC9CEB8-8B4A-11D0-8D11-00A0C91BC942}") = "item_41", "item_41\item_41.vcxproj", "{9B7DC57F-CD42-4C40-B068-70C5FF287B3C}"
EndProject
Project("{2150E333-8FDC-42A3-9474-1A3956D46DE8}") = "Programming with STL", "Programming with STL", "{D0E4239A-3372-443C-8980-7A38B3077247}"
EndProject
Project("{8BC9CEB8-8B4A-11D0-8D11-00A0C91BC942}") = "item_43", "item_43\item_43.vcxproj", "{ECC55AD7-5363-4F4C-AAEF-FDB483C86FF6}"
EndProject
Project("{8BC9CEB8-8B4A-11D0-8D11-00A0C91BC942}") = "item_47", "item_47\item_47.vcxproj", "{6CCD97B2-D7EA-414C-A017-DCBC5703F00D}"
EndProject
Global
	GlobalSection(SolutionConfigurationPlatforms) = preSolution
		Debug|Win32 = Debug|Win32
		Release|Win32 = Release|Win32
	EndGlobalSection
	GlobalSection(ProjectConfigurationPlatforms) = postSolution
		{3F289A7A-4FC4-4115-B8AB-DF3AFEA9AB7F}.Debug|Win32.ActiveCfg = Debug|Win32
		{3F289A7A-4FC4-4115-B8AB-DF3AFEA9AB7F}.Debug|Win32.Build.0 = Debug|Win32
		{3F289A7A-4FC4-4115-B8AB-DF3AFEA9AB7F}.Release|Win32.ActiveCfg = Release|Win32
		{3F289A7A-4FC4-4115-B8AB-DF3AFEA9AB7F}.Release|Win32.Build.0 = Release|Win32
		{07192714-19C3-4277-852E-0871A8FC9AB6}.Debug|Win32.ActiveCfg = Debug|Win32
		{07192714-19C3-4277-852E-0871A8FC9AB6}.Debug|Win32.Build.0 = Debug|Win32
		{07192714-19C3-4277-852E-0871A8FC9AB6}.Release|Win32.ActiveCfg = Release|Win32
		{07192714-19C3-4277-852E-0871A8FC9AB6}.Release|Win32.Build.0 = Release|Win32
		{0F23E5B9-49E8-4AA1-9FF5-A9B770DC66AB}.Debug|Win32.ActiveCfg = Debug|Win32
		{0F23E5B9-49E8-4AA1-9FF5-A9B770DC66AB}.Debug|Win32.Build.0 = Debug|Win32
		{0F23E5B9-49E8-4AA1-9FF5-A9B770DC66AB}.Release|Win32.ActiveCfg = Release|Win32
		{0F23E5B9-49E8-4AA1-9FF5-A9B770DC66AB}.Release|Win32.Build.0 = Release|Win32
		{B3AC3CED-4170-4AFC-B0B5-A81F09E2F0DE}.Debug|Win32.ActiveCfg = Debug|Win32
		{B3AC3CED-4170-4AFC-B0B5-A81F09E2F0DE}.Debug|Win32.Build.0 = Debug|Win32
		{B3AC3CED-4170-4AFC-B0B5-A81F09E2F0DE}.Release|Win32.ActiveCfg = Release|Win32
		{B3AC3CED-4170-4AFC-B0B5-A81F09E2F0DE}.Release|Win32.Build.0 = Release|Win32
		{4FFDE063-BE1A-4197-8FD2-264E98CB9AFF}.Debug|Win32.ActiveCfg = Debug|Win32
		{4FFDE063-BE1A-4197-8FD2-264E98CB9AFF}.Debug|Win32.Build.0 = Debug|Win32
		{4FFDE063-BE1A-4197-8FD2-264E98CB9AFF}.Release|Win32.ActiveCfg = Release|Win32
		{4FFDE063-BE1A-4197-8FD2-264E98CB9AFF}.Release|Win32.Build.0 = Release|Win32
		{020EB5D0-3A1A-490F-B8DD-3CC305865E67}.Debug|Win32.ActiveCfg = Debug|Win32
		{020EB5D0-3A1A-490F-B8DD-3CC305865E67}.Debug|Win32.Build.0 = Debug|Win32
		{020EB5D0-3A1A-490F-B8DD-3CC305865E67}.Release|Win32.ActiveCfg = Release|Win32
		{020EB5D0-3A1A-490F-B8DD-3CC305865E67}.Release|Win32.Build.0 = Release|Win32
		{A9B83F49-11BB-48E5-ACB8-3E7DD308682A}.Debug|Win32.ActiveCfg = Debug|Win32
		{A9B83F49-11BB-48E5-ACB8-3E7DD308682A}.Debug|Win32.Build.0 = Debug|Win32
		{A9B83F49-11BB-48E5-ACB8-3E7DD308682A}.Release|Win32.ActiveCfg = Release|Win32
		{A9B83F49-11BB-48E5-ACB8-3E7DD308682A}.Release|Win32.Build.0 = Release|Win32
		{A77AE85C-2BA8-4387-89D3-E58D8B221B90}.Debug|Win32.ActiveCfg = Debug|Win32
		{A77AE85C-2BA8-4387-89D3-E58D8B221B90}.Debug|Win32.Build.0 = Debug|Win32
		{A77AE85C-2BA8-4387-89D3-E58D8B221B90}.Release|Win32.ActiveCfg = Release|Win32
		{A77AE85C-2BA8-4387-89D3-E58D8B221B90}.Release|Win32.Build.0 = Release|Win32
		{9B7DC57F-CD42-4C40-B068-70C5FF287B3C}.Debug|Win32.ActiveCfg = Debug|Win32
		{9B7DC57F-CD42-4C40-B068-70C5FF287B3C}.Debug|Win32.Build.0 = Debug|Win32
		{9B7DC57F-CD42-4C40-B068-70C5FF287B3C}.Release|Win32.ActiveCfg = Release|Win32
		{9B7DC57F-CD42-4C40-B068-70C5FF287B3C}.Release|Win32.Build.0 = Release|Win32
		{ECC55AD7-5363-4F4C-AAEF-FDB483C86FF6}.Debug|Win32.ActiveCfg = Debug|Win32
		{ECC55AD7-5363-4F4C-AAEF-FDB483C86FF6}.Debug|Win32.Build.0 = Debug|Win32
		{ECC55AD7-5363-4F4C-AAEF-FDB483C86FF6}.Release|Win32.ActiveCfg = Release|Win32
		{ECC55AD7-5363-4F4C-AAEF-FDB483C86FF6}.Release|Win32.Build.0 = Release|Win32
		{6CCD97B2-D7EA-414C-A017-DCBC5703F00D}.Debug|Win32.ActiveCfg = Debug|Win32
		{6CCD97B2-D7EA-414C-A017-DCBC5703F00D}.Debug|Win32.Build.0 = Debug|Win32
		{6CCD97B2-D7EA-414C-A017-DCBC5703F00D}.Release|Win32.ActiveCfg = Release|Win32
		{6CCD97B2-D7EA-414C-A017-DCBC5703F00D}.Release|Win32.Build.0 = Release|Win32
	EndGlobalSection
	GlobalSection(SolutionProperties) = preSolution
		HideSolutionNode = FALSE
	EndGlobalSection
	GlobalSection(NestedProjects) = preSolution
		{B3AC3CED-4170-4AFC-B0B5-A81F09E2F0DE} = {BFCCAE96-1CBC-4E00-A70E-BEDC03C1D786}
		{3F289A7A-4FC4-4115-B8AB-DF3AFEA9AB7F} = {B87E6624-8B35-46DB-8F14-A088DCB43D88}
		{07192714-19C3-4277-852E-0871A8FC9AB6} = {B87E6624-8B35-46DB-8F14-A088DCB43D88}
		{0F23E5B9-49E8-4AA1-9FF5-A9B770DC66AB} = {B87E6624-8B35-46DB-8F14-A088DCB43D88}
		{9B7DC57F-CD42-4C40-B068-70C5FF287B3C} = {B87E6624-8B35-46DB-8F14-A088DCB43D88}
		{020EB5D0-3A1A-490F-B8DD-3CC305865E67} = {31FADB91-B21B-4604-9082-D16CBA932312}
		{4FFDE063-BE1A-4197-8FD2-264E98CB9AFF} = {DFF25541-C044-4E3D-ACD0-3DE61605BD56}
		{A9B83F49-11BB-48E5-ACB8-3E7DD308682A} = {1379C02C-0D7B-41CD-9CD9-FB1357E73121}
		{A77AE85C-2BA8-4387-89D3-E58D8B221B90} = {1379C02C-0D7B-41CD-9CD9-FB1357E73121}
		{ECC55AD7-5363-4F4C-AAEF-FDB483C86FF6} = {D0E4239A-3372-443C-8980-7A38B3077247}
		{6CCD97B2-D7EA-414C-A017-DCBC5703F00D} = {D0E4239A-3372-443C-8980-7A38B3077247}
	EndGlobalSection
EndGlobal
