
Microsoft Visual Studio Solution File, Format Version 11.00
# Visual Studio 2010
Project("{8BC9CEB8-8B4A-11D0-8D11-00A0C91BC942}") = "item_3", "item_3\item_3.vcxproj", "{C7A1A857-1DCE-4FDC-A11E-652A49520E70}"
EndProject
Project("{8BC9CEB8-8B4A-11D0-8D11-00A0C91BC942}") = "item_6", "item_6\item_6.vcxproj", "{00B39FFF-2C9F-44CD-B7CD-77D21083DC62}"
EndProject
Project("{8BC9CEB8-8B4A-11D0-8D11-00A0C91BC942}") = "item_12", "item_12\item_12.vcxproj", "{195929CF-3EAF-4DE6-A318-CFF9F27F7371}"
EndProject
Project("{8BC9CEB8-8B4A-11D0-8D11-00A0C91BC942}") = "item_39", "item_39\item_39.vcxproj", "{0EE5A6C7-197B-4168-96D1-64D62315847C}"
EndProject
Project("{8BC9CEB8-8B4A-11D0-8D11-00A0C91BC942}") = "item_24", "item_24\item_24.vcxproj", "{7B54C975-E7CA-4A26-93B4-3D067BDEC7EA}"
EndProject
Project("{8BC9CEB8-8B4A-11D0-8D11-00A0C91BC942}") = "item_35", "item_35\item_35.vcxproj", "{3539DCBD-06EA-4EE7-94EE-E1607EA1E2D0}"
EndProject
Project("{2150E333-8FDC-42A3-9474-1A3956D46DE8}") = "8 new and delete", "8 new and delete", "{6DD6E11B-DEF1-4AA0-A466-ADFDE73C0058}"
EndProject
Project("{8BC9CEB8-8B4A-11D0-8D11-00A0C91BC942}") = "item_49", "item_49\item_49.vcxproj", "{79F9ACF2-94D2-4DFC-91BF-E3C17CDF74AA}"
EndProject
Project("{8BC9CEB8-8B4A-11D0-8D11-00A0C91BC942}") = "item_50", "item_50\item_50.vcxproj", "{467622F9-79DC-4629-A3A9-7E6EDAC46CD5}"
EndProject
Project("{8BC9CEB8-8B4A-11D0-8D11-00A0C91BC942}") = "item_51", "item_51\item_51.vcxproj", "{92B3D6C6-1ADF-4236-A4FC-941F990A5FF6}"
EndProject
Project("{8BC9CEB8-8B4A-11D0-8D11-00A0C91BC942}") = "item_52", "item_52\item_52.vcxproj", "{833DAA1B-9486-409A-B295-787947D51E03}"
EndProject
Project("{2150E333-8FDC-42A3-9474-1A3956D46DE8}") = "7 templates and generic programming", "7 templates and generic programming", "{417203CC-3DAF-4FC5-B2B5-1791EB93E216}"
EndProject
Project("{8BC9CEB8-8B4A-11D0-8D11-00A0C91BC942}") = "item_42", "item_42\item_42.vcxproj", "{A3D0852C-8185-45EA-BED3-18815E3CD51D}"
EndProject
Project("{8BC9CEB8-8B4A-11D0-8D11-00A0C91BC942}") = "item_47", "item_47\item_47.vcxproj", "{2D50AC69-2A19-4D50-932B-28FD0E788C4D}"
EndProject
Project("{2150E333-8FDC-42A3-9474-1A3956D46DE8}") = "2 constructor destructor assignement", "2 constructor destructor assignement", "{C4E7C289-1602-49ED-92A5-DA588382BE0F}"
EndProject
Project("{2150E333-8FDC-42A3-9474-1A3956D46DE8}") = "6 inheritance and OOD", "6 inheritance and OOD", "{9726FA5D-8A5D-4317-A8EF-B4C8893B8F3E}"
EndProject
Project("{2150E333-8FDC-42A3-9474-1A3956D46DE8}") = "4 designs and declarations", "4 designs and declarations", "{6D3D0175-A774-4270-B60F-14A619DC0658}"
EndProject
Project("{2150E333-8FDC-42A3-9474-1A3956D46DE8}") = "1 accustoming to c++", "1 accustoming to c++", "{F5A196BE-5FE5-4128-AA68-27F079CB321C}"
EndProject
Project("{2150E333-8FDC-42A3-9474-1A3956D46DE8}") = "5 implementations", "5 implementations", "{1683906C-8ECE-4569-8576-BDDD2DA5FC92}"
EndProject
Project("{8BC9CEB8-8B4A-11D0-8D11-00A0C91BC942}") = "item_43", "item_43\item_43.vcxproj", "{044B0094-4F24-4EE2-A5CE-14502897093F}"
EndProject
Global
	GlobalSection(SolutionConfigurationPlatforms) = preSolution
		Debug|Win32 = Debug|Win32
		Release|Win32 = Release|Win32
	EndGlobalSection
	GlobalSection(ProjectConfigurationPlatforms) = postSolution
		{C7A1A857-1DCE-4FDC-A11E-652A49520E70}.Debug|Win32.ActiveCfg = Debug|Win32
		{C7A1A857-1DCE-4FDC-A11E-652A49520E70}.Debug|Win32.Build.0 = Debug|Win32
		{C7A1A857-1DCE-4FDC-A11E-652A49520E70}.Release|Win32.ActiveCfg = Release|Win32
		{C7A1A857-1DCE-4FDC-A11E-652A49520E70}.Release|Win32.Build.0 = Release|Win32
		{00B39FFF-2C9F-44CD-B7CD-77D21083DC62}.Debug|Win32.ActiveCfg = Debug|Win32
		{00B39FFF-2C9F-44CD-B7CD-77D21083DC62}.Debug|Win32.Build.0 = Debug|Win32
		{00B39FFF-2C9F-44CD-B7CD-77D21083DC62}.Release|Win32.ActiveCfg = Release|Win32
		{00B39FFF-2C9F-44CD-B7CD-77D21083DC62}.Release|Win32.Build.0 = Release|Win32
		{195929CF-3EAF-4DE6-A318-CFF9F27F7371}.Debug|Win32.ActiveCfg = Debug|Win32
		{195929CF-3EAF-4DE6-A318-CFF9F27F7371}.Debug|Win32.Build.0 = Debug|Win32
		{195929CF-3EAF-4DE6-A318-CFF9F27F7371}.Release|Win32.ActiveCfg = Release|Win32
		{195929CF-3EAF-4DE6-A318-CFF9F27F7371}.Release|Win32.Build.0 = Release|Win32
		{0EE5A6C7-197B-4168-96D1-64D62315847C}.Debug|Win32.ActiveCfg = Debug|Win32
		{0EE5A6C7-197B-4168-96D1-64D62315847C}.Debug|Win32.Build.0 = Debug|Win32
		{0EE5A6C7-197B-4168-96D1-64D62315847C}.Release|Win32.ActiveCfg = Release|Win32
		{0EE5A6C7-197B-4168-96D1-64D62315847C}.Release|Win32.Build.0 = Release|Win32
		{7B54C975-E7CA-4A26-93B4-3D067BDEC7EA}.Debug|Win32.ActiveCfg = Debug|Win32
		{7B54C975-E7CA-4A26-93B4-3D067BDEC7EA}.Debug|Win32.Build.0 = Debug|Win32
		{7B54C975-E7CA-4A26-93B4-3D067BDEC7EA}.Release|Win32.ActiveCfg = Release|Win32
		{7B54C975-E7CA-4A26-93B4-3D067BDEC7EA}.Release|Win32.Build.0 = Release|Win32
		{3539DCBD-06EA-4EE7-94EE-E1607EA1E2D0}.Debug|Win32.ActiveCfg = Debug|Win32
		{3539DCBD-06EA-4EE7-94EE-E1607EA1E2D0}.Debug|Win32.Build.0 = Debug|Win32
		{3539DCBD-06EA-4EE7-94EE-E1607EA1E2D0}.Release|Win32.ActiveCfg = Release|Win32
		{3539DCBD-06EA-4EE7-94EE-E1607EA1E2D0}.Release|Win32.Build.0 = Release|Win32
		{79F9ACF2-94D2-4DFC-91BF-E3C17CDF74AA}.Debug|Win32.ActiveCfg = Debug|Win32
		{79F9ACF2-94D2-4DFC-91BF-E3C17CDF74AA}.Debug|Win32.Build.0 = Debug|Win32
		{79F9ACF2-94D2-4DFC-91BF-E3C17CDF74AA}.Release|Win32.ActiveCfg = Release|Win32
		{79F9ACF2-94D2-4DFC-91BF-E3C17CDF74AA}.Release|Win32.Build.0 = Release|Win32
		{467622F9-79DC-4629-A3A9-7E6EDAC46CD5}.Debug|Win32.ActiveCfg = Debug|Win32
		{467622F9-79DC-4629-A3A9-7E6EDAC46CD5}.Debug|Win32.Build.0 = Debug|Win32
		{467622F9-79DC-4629-A3A9-7E6EDAC46CD5}.Release|Win32.ActiveCfg = Release|Win32
		{467622F9-79DC-4629-A3A9-7E6EDAC46CD5}.Release|Win32.Build.0 = Release|Win32
		{92B3D6C6-1ADF-4236-A4FC-941F990A5FF6}.Debug|Win32.ActiveCfg = Debug|Win32
		{92B3D6C6-1ADF-4236-A4FC-941F990A5FF6}.Debug|Win32.Build.0 = Debug|Win32
		{92B3D6C6-1ADF-4236-A4FC-941F990A5FF6}.Release|Win32.ActiveCfg = Release|Win32
		{92B3D6C6-1ADF-4236-A4FC-941F990A5FF6}.Release|Win32.Build.0 = Release|Win32
		{833DAA1B-9486-409A-B295-787947D51E03}.Debug|Win32.ActiveCfg = Debug|Win32
		{833DAA1B-9486-409A-B295-787947D51E03}.Debug|Win32.Build.0 = Debug|Win32
		{833DAA1B-9486-409A-B295-787947D51E03}.Release|Win32.ActiveCfg = Release|Win32
		{833DAA1B-9486-409A-B295-787947D51E03}.Release|Win32.Build.0 = Release|Win32
		{A3D0852C-8185-45EA-BED3-18815E3CD51D}.Debug|Win32.ActiveCfg = Debug|Win32
		{A3D0852C-8185-45EA-BED3-18815E3CD51D}.Debug|Win32.Build.0 = Debug|Win32
		{A3D0852C-8185-45EA-BED3-18815E3CD51D}.Release|Win32.ActiveCfg = Release|Win32
		{A3D0852C-8185-45EA-BED3-18815E3CD51D}.Release|Win32.Build.0 = Release|Win32
		{2D50AC69-2A19-4D50-932B-28FD0E788C4D}.Debug|Win32.ActiveCfg = Debug|Win32
		{2D50AC69-2A19-4D50-932B-28FD0E788C4D}.Debug|Win32.Build.0 = Debug|Win32
		{2D50AC69-2A19-4D50-932B-28FD0E788C4D}.Release|Win32.ActiveCfg = Release|Win32
		{2D50AC69-2A19-4D50-932B-28FD0E788C4D}.Release|Win32.Build.0 = Release|Win32
		{044B0094-4F24-4EE2-A5CE-14502897093F}.Debug|Win32.ActiveCfg = Debug|Win32
		{044B0094-4F24-4EE2-A5CE-14502897093F}.Debug|Win32.Build.0 = Debug|Win32
		{044B0094-4F24-4EE2-A5CE-14502897093F}.Release|Win32.ActiveCfg = Release|Win32
		{044B0094-4F24-4EE2-A5CE-14502897093F}.Release|Win32.Build.0 = Release|Win32
	EndGlobalSection
	GlobalSection(SolutionProperties) = preSolution
		HideSolutionNode = FALSE
	EndGlobalSection
	GlobalSection(NestedProjects) = preSolution
		{195929CF-3EAF-4DE6-A318-CFF9F27F7371} = {C4E7C289-1602-49ED-92A5-DA588382BE0F}
		{00B39FFF-2C9F-44CD-B7CD-77D21083DC62} = {C4E7C289-1602-49ED-92A5-DA588382BE0F}
		{3539DCBD-06EA-4EE7-94EE-E1607EA1E2D0} = {9726FA5D-8A5D-4317-A8EF-B4C8893B8F3E}
		{0EE5A6C7-197B-4168-96D1-64D62315847C} = {9726FA5D-8A5D-4317-A8EF-B4C8893B8F3E}
		{79F9ACF2-94D2-4DFC-91BF-E3C17CDF74AA} = {6DD6E11B-DEF1-4AA0-A466-ADFDE73C0058}
		{467622F9-79DC-4629-A3A9-7E6EDAC46CD5} = {6DD6E11B-DEF1-4AA0-A466-ADFDE73C0058}
		{92B3D6C6-1ADF-4236-A4FC-941F990A5FF6} = {6DD6E11B-DEF1-4AA0-A466-ADFDE73C0058}
		{833DAA1B-9486-409A-B295-787947D51E03} = {6DD6E11B-DEF1-4AA0-A466-ADFDE73C0058}
		{A3D0852C-8185-45EA-BED3-18815E3CD51D} = {417203CC-3DAF-4FC5-B2B5-1791EB93E216}
		{2D50AC69-2A19-4D50-932B-28FD0E788C4D} = {417203CC-3DAF-4FC5-B2B5-1791EB93E216}
		{044B0094-4F24-4EE2-A5CE-14502897093F} = {417203CC-3DAF-4FC5-B2B5-1791EB93E216}
		{7B54C975-E7CA-4A26-93B4-3D067BDEC7EA} = {6D3D0175-A774-4270-B60F-14A619DC0658}
		{C7A1A857-1DCE-4FDC-A11E-652A49520E70} = {F5A196BE-5FE5-4128-AA68-27F079CB321C}
	EndGlobalSection
EndGlobal
